
Microsoft Visual Studio Solution File, Format Version 12.00
# Visual Studio Version 16
VisualStudioVersion = 16.0.28315.86
MinimumVisualStudioVersion = 10.0.40219.1
Project("{FAE04EC0-301F-11D3-BF4B-00C04F79EFBC}") = "XrmToolBox", "XrmToolBox\XrmToolBox.csproj", "{328D55BE-8B9A-4087-A5C2-9FBAF623F54B}"
EndProject
Project("{2150E333-8FDC-42A3-9474-1A3956D46DE8}") = "Plugins", "Plugins", "{1A7814D2-1185-484E-92CC-7DD71DDE6488}"
EndProject
Project("{FAE04EC0-301F-11D3-BF4B-00C04F79EFBC}") = "MsCrmTools.SampleTool", "Plugins\MsCrmTools.SampleTool\MsCrmTools.SampleTool.csproj", "{5BF1E228-F898-40CF-B8FB-8412D8C81CFF}"
EndProject
Project("{FAE04EC0-301F-11D3-BF4B-00C04F79EFBC}") = "XrmToolBox.Extensibility", "XrmToolBox.Extensibility\XrmToolBox.Extensibility.csproj", "{DF77AEA3-43F7-403C-91AF-3023A3BB06EC}"
EndProject
Project("{FAE04EC0-301F-11D3-BF4B-00C04F79EFBC}") = "XrmToolBox.AutoUpdater", "XrmToolBox.AutoUpdater\XrmToolBox.AutoUpdater.csproj", "{564C72C8-586E-4218-B6B3-F464F7C3903A}"
EndProject
Project("{FAE04EC0-301F-11D3-BF4B-00C04F79EFBC}") = "XrmToolBox.PluginsStore", "XrmToolBox.PluginsStore\XrmToolBox.PluginsStore.csproj", "{EBCB3D22-03F2-40D2-B949-05CAE575F2EA}"
EndProject
Project("{2150E333-8FDC-42A3-9474-1A3956D46DE8}") = "LicenseChecker", "LicenseChecker", "{08305693-A5D7-41FA-B476-20874647809B}"
	ProjectSection(SolutionItems) = preProject
		LicenseChecker\McTools.StopAdvertisement.dll = LicenseChecker\McTools.StopAdvertisement.dll
	EndProjectSection
EndProject
Project("{FAE04EC0-301F-11D3-BF4B-00C04F79EFBC}") = "MsCrmTools.AttributeBulkUpdater", "Plugins\MsCrmTools.AttributeBulkUpdater\MsCrmTools.AttributeBulkUpdater.csproj", "{693DDB30-8E8E-43E9-AE13-EE2010F46C96}"
EndProject
Project("{2150E333-8FDC-42A3-9474-1A3956D46DE8}") = "MscrmTools.Xrm.Connection", "MscrmTools.Xrm.Connection", "{DF140E4E-3A3C-48CA-8C9E-9D904C991BE9}"
EndProject
Project("{FAE04EC0-301F-11D3-BF4B-00C04F79EFBC}") = "McTools.Xrm.Connection", "MscrmTools.Xrm.Connection\McTools.Xrm.Connection\McTools.Xrm.Connection.csproj", "{C3824C2C-6E2E-4FDE-A2AA-229BBC7C3B1F}"
EndProject
Project("{FAE04EC0-301F-11D3-BF4B-00C04F79EFBC}") = "McTools.Xrm.Connection.WinForms", "MscrmTools.Xrm.Connection\McTools.Xrm.Connection.WinForms\McTools.Xrm.Connection.WinForms.csproj", "{EEB5C09F-CEC6-4FB5-87B5-AE61AE89C9EB}"
EndProject
Project("{FAE04EC0-301F-11D3-BF4B-00C04F79EFBC}") = "McTools.Xrm.Connection.TestWinForm", "MscrmTools.Xrm.Connection\McTools.Xrm.Connection.TestWinForm\McTools.Xrm.Connection.TestWinForm.csproj", "{5093677C-F49B-4249-BEC1-E117E62255AD}"
EndProject
Project("{2150E333-8FDC-42A3-9474-1A3956D46DE8}") = "Libraries", "Libraries", "{A3FFFB54-ACB9-41CC-83A8-3A2F87DADD71}"
EndProject
Project("{2150E333-8FDC-42A3-9474-1A3956D46DE8}") = "MscrmTools.FluentQueryExpressions", "MscrmTools.FluentQueryExpressions", "{C9B12FD6-45B1-4F72-8596-B4DE068F4328}"
EndProject
Project("{FAE04EC0-301F-11D3-BF4B-00C04F79EFBC}") = "MscrmTools.FluentQueryExpressions", "MscrmTools.FluentQueryExpressions\MscrmTools.FluentQueryExpressions\MscrmTools.FluentQueryExpressions.csproj", "{2A313862-8D9B-4191-BC2C-015AAFCE295F}"
EndProject
Project("{FAE04EC0-301F-11D3-BF4B-00C04F79EFBC}") = "MscrmTools.FluentQueryExpressions.Test", "MscrmTools.FluentQueryExpressions\MscrmTools.FluentQueryExpressions.Test\MscrmTools.FluentQueryExpressions.Test.csproj", "{11A7B20D-1DC3-4F04-81E5-C912B0017868}"
EndProject
Project("{D954291E-2A0B-460D-934E-DC6B0785DB48}") = "MscrmTools.Shared", "MscrmTools.FluentQueryExpressions\MscrmTools.Shared\MscrmTools.Shared.shproj", "{92D1C46C-D61E-4D1A-AAEA-530B53B4AD53}"
EndProject
Project("{FAE04EC0-301F-11D3-BF4B-00C04F79EFBC}") = "MscrmTools.FluentQueryExpressions.v8", "MscrmTools.FluentQueryExpressions\MscrmTools.FluentQueryExpressions.v8\MscrmTools.FluentQueryExpressions.v8.csproj", "{932ACA20-4FEF-4B4B-8EFF-9198EA1E6215}"
EndProject
Project("{FAE04EC0-301F-11D3-BF4B-00C04F79EFBC}") = "MsCrmTools.WebResourcesManager", "MsCrmTools.WebResourcesManager\MsCrmTools.WebResourcesManager\MsCrmTools.WebResourcesManager.csproj", "{DD6AF32E-4585-44A8-8561-D656A53336D3}"
EndProject
Project("{2150E333-8FDC-42A3-9474-1A3956D46DE8}") = "dockpanelsuite", "dockpanelsuite", "{2CC56152-1A32-44FE-9520-635B44D36CD5}"
EndProject
Project("{9A19103F-16F7-4668-BE54-9A1E7A4F7556}") = "WinFormsUI", "dockpanelsuite\WinFormsUI\WinFormsUI.csproj", "{C75532C4-765B-418E-B09B-46D36B2ABDB1}"
EndProject
Project("{FAE04EC0-301F-11D3-BF4B-00C04F79EFBC}") = "DockSample", "dockpanelsuite\DockSample\DockSample.csproj", "{40793A27-478B-4357-B4C3-FC8943131F3D}"
EndProject
Project("{9A19103F-16F7-4668-BE54-9A1E7A4F7556}") = "ThemeVS2013", "dockpanelsuite\WinFormsUI\ThemeVS2013.csproj", "{245E07F6-10D5-4CFA-B003-0DEB06B223DA}"
EndProject
Project("{9A19103F-16F7-4668-BE54-9A1E7A4F7556}") = "ThemeVS2012", "dockpanelsuite\WinFormsUI\ThemeVS2012.csproj", "{4ED4FDB5-9FD0-49E6-876D-1635F727C755}"
EndProject
Project("{9A19103F-16F7-4668-BE54-9A1E7A4F7556}") = "ThemeVS2003", "dockpanelsuite\WinFormsUI\ThemeVS2003.csproj", "{719F0F69-66DA-438D-B5BB-2D883EF4ACE2}"
EndProject
Project("{9A19103F-16F7-4668-BE54-9A1E7A4F7556}") = "ThemeVS2005Multithreading", "dockpanelsuite\WinFormsUI\ThemeVS2005Multithreading.csproj", "{01B09009-BD30-47F2-B318-4B583D606C61}"
EndProject
Project("{FAE04EC0-301F-11D3-BF4B-00C04F79EFBC}") = "Tests", "dockpanelsuite\Tests\Tests.csproj", "{2EF6DD60-E690-4E65-AD06-B3041C0ACDD2}"
EndProject
Project("{FAE04EC0-301F-11D3-BF4B-00C04F79EFBC}") = "Tests2", "dockpanelsuite\Tests2\Tests2.csproj", "{4B0F335C-88AD-4884-B286-0107D24D246B}"
EndProject
Project("{FAE04EC0-301F-11D3-BF4B-00C04F79EFBC}") = "Tests3", "dockpanelsuite\Tests3\Tests3.csproj", "{6C17B7EB-B55B-4878-8EB1-5AA6942FB50F}"
EndProject
Project("{2150E333-8FDC-42A3-9474-1A3956D46DE8}") = "UnitTesting", "UnitTesting", "{0CA1B611-8907-4C9C-93A7-4133E7540B24}"
EndProject
Project("{9A19103F-16F7-4668-BE54-9A1E7A4F7556}") = "ThemeVS2015", "dockpanelsuite\WinFormsUI\ThemeVS2015.csproj", "{007D4AC8-948F-4816-86AD-B9D1343672C1}"
EndProject
Project("{2150E333-8FDC-42A3-9474-1A3956D46DE8}") = "Themes", "Themes", "{91DA877F-E437-42C9-8FE5-E3709721BB8B}"
EndProject
Project("{9A19103F-16F7-4668-BE54-9A1E7A4F7556}") = "ThemeVS2005", "dockpanelsuite\WinFormsUI\ThemeVS2005.csproj", "{B51EC09A-F8BE-4B5A-BD07-0F4489075A00}"
EndProject
Project("{FAE04EC0-301F-11D3-BF4B-00C04F79EFBC}") = "DamSim.SolutionTransferTool", "DamSim.SolutionTransferTool\DamSim.SolutionTransferTool\DamSim.SolutionTransferTool.csproj", "{2DA068AE-5B32-46B4-864D-0D8507A6D981}"
EndProject
Project("{FAE04EC0-301F-11D3-BF4B-00C04F79EFBC}") = "AButenko.PersonalViewsDashboardsTransferTool", "Plugins\PersonalViewChartDBTransferTool\AButenko.PersonalViewsDashboardsTransferTool\AButenko.PersonalViewsDashboardsTransferTool.csproj", "{DCD36CE2-F839-4C49-B765-4FD2B00F134D}"
EndProject
Project("{9A19103F-16F7-4668-BE54-9A1E7A4F7556}") = "AlbanianXrm.EarlyBound", "Plugins\Early-Bound\AlbanianXrm.EarlyBound\AlbanianXrm.EarlyBound.csproj", "{E047E333-0237-4FD9-B80A-1757D706630F}"
EndProject
Project("{FAE04EC0-301F-11D3-BF4B-00C04F79EFBC}") = "AttachmentsReversibleCopy", "Plugins\DynamicsCrm_AttachmentsReversibleCopy\AttachmentsReversibleCopy\AttachmentsReversibleCopy.csproj", "{FE898239-BC5F-4C25-A718-E73A22BF3908}"
EndProject
Global
	GlobalSection(SharedMSBuildProjectFiles) = preSolution
		MscrmTools.FluentQueryExpressions\MscrmTools.Shared\MscrmTools.Shared.projitems*{2a313862-8d9b-4191-bc2c-015aafce295f}*SharedItemsImports = 4
		MscrmTools.FluentQueryExpressions\MscrmTools.Shared\MscrmTools.Shared.projitems*{92d1c46c-d61e-4d1a-aaea-530b53b4ad53}*SharedItemsImports = 13
		MscrmTools.FluentQueryExpressions\MscrmTools.Shared\MscrmTools.Shared.projitems*{932aca20-4fef-4b4b-8eff-9198ea1e6215}*SharedItemsImports = 4
		Plugins\Early-Bound\AlbanianXrm.Common.Shared\AlbanianXrm.Common.Shared.projitems*{e047e333-0237-4fd9-b80a-1757d706630f}*SharedItemsImports = 5
	EndGlobalSection
	GlobalSection(SolutionConfigurationPlatforms) = preSolution
		Azure Pipelines|Any CPU = Azure Pipelines|Any CPU
		Azure Pipelines|Mixed Platforms = Azure Pipelines|Mixed Platforms
		Azure Pipelines|x86 = Azure Pipelines|x86
		Debug Without GemBox|Any CPU = Debug Without GemBox|Any CPU
		Debug Without GemBox|Mixed Platforms = Debug Without GemBox|Mixed Platforms
		Debug Without GemBox|x86 = Debug Without GemBox|x86
		Debug|Any CPU = Debug|Any CPU
		Debug|Mixed Platforms = Debug|Mixed Platforms
		Debug|x86 = Debug|x86
		Release|Any CPU = Release|Any CPU
		Release|Mixed Platforms = Release|Mixed Platforms
		Release|x86 = Release|x86
	EndGlobalSection
	GlobalSection(ProjectConfigurationPlatforms) = postSolution
		{328D55BE-8B9A-4087-A5C2-9FBAF623F54B}.Azure Pipelines|Any CPU.ActiveCfg = Release|Any CPU
		{328D55BE-8B9A-4087-A5C2-9FBAF623F54B}.Azure Pipelines|Any CPU.Build.0 = Release|Any CPU
		{328D55BE-8B9A-4087-A5C2-9FBAF623F54B}.Azure Pipelines|Mixed Platforms.ActiveCfg = Release|Any CPU
		{328D55BE-8B9A-4087-A5C2-9FBAF623F54B}.Azure Pipelines|Mixed Platforms.Build.0 = Release|Any CPU
		{328D55BE-8B9A-4087-A5C2-9FBAF623F54B}.Azure Pipelines|x86.ActiveCfg = Release|Any CPU
		{328D55BE-8B9A-4087-A5C2-9FBAF623F54B}.Azure Pipelines|x86.Build.0 = Release|Any CPU
		{328D55BE-8B9A-4087-A5C2-9FBAF623F54B}.Debug Without GemBox|Any CPU.ActiveCfg = Debug Without GemBox|Any CPU
		{328D55BE-8B9A-4087-A5C2-9FBAF623F54B}.Debug Without GemBox|Any CPU.Build.0 = Debug Without GemBox|Any CPU
		{328D55BE-8B9A-4087-A5C2-9FBAF623F54B}.Debug Without GemBox|Mixed Platforms.ActiveCfg = Debug Without GemBox|Any CPU
		{328D55BE-8B9A-4087-A5C2-9FBAF623F54B}.Debug Without GemBox|Mixed Platforms.Build.0 = Debug Without GemBox|Any CPU
		{328D55BE-8B9A-4087-A5C2-9FBAF623F54B}.Debug Without GemBox|x86.ActiveCfg = Debug Without GemBox|Any CPU
		{328D55BE-8B9A-4087-A5C2-9FBAF623F54B}.Debug Without GemBox|x86.Build.0 = Debug Without GemBox|Any CPU
		{328D55BE-8B9A-4087-A5C2-9FBAF623F54B}.Debug|Any CPU.ActiveCfg = Debug|Any CPU
		{328D55BE-8B9A-4087-A5C2-9FBAF623F54B}.Debug|Mixed Platforms.ActiveCfg = Debug|Any CPU
		{328D55BE-8B9A-4087-A5C2-9FBAF623F54B}.Debug|Mixed Platforms.Build.0 = Debug|Any CPU
		{328D55BE-8B9A-4087-A5C2-9FBAF623F54B}.Debug|x86.ActiveCfg = Debug|Any CPU
		{328D55BE-8B9A-4087-A5C2-9FBAF623F54B}.Release|Any CPU.ActiveCfg = Release|Any CPU
		{328D55BE-8B9A-4087-A5C2-9FBAF623F54B}.Release|Any CPU.Build.0 = Release|Any CPU
		{328D55BE-8B9A-4087-A5C2-9FBAF623F54B}.Release|Mixed Platforms.ActiveCfg = Release|Any CPU
		{328D55BE-8B9A-4087-A5C2-9FBAF623F54B}.Release|Mixed Platforms.Build.0 = Release|Any CPU
		{328D55BE-8B9A-4087-A5C2-9FBAF623F54B}.Release|x86.ActiveCfg = Release|Any CPU
		{5BF1E228-F898-40CF-B8FB-8412D8C81CFF}.Azure Pipelines|Any CPU.ActiveCfg = Release|Any CPU
		{5BF1E228-F898-40CF-B8FB-8412D8C81CFF}.Azure Pipelines|Any CPU.Build.0 = Release|Any CPU
		{5BF1E228-F898-40CF-B8FB-8412D8C81CFF}.Azure Pipelines|Mixed Platforms.ActiveCfg = Release|Any CPU
		{5BF1E228-F898-40CF-B8FB-8412D8C81CFF}.Azure Pipelines|Mixed Platforms.Build.0 = Release|Any CPU
		{5BF1E228-F898-40CF-B8FB-8412D8C81CFF}.Azure Pipelines|x86.ActiveCfg = Release|Any CPU
		{5BF1E228-F898-40CF-B8FB-8412D8C81CFF}.Azure Pipelines|x86.Build.0 = Release|Any CPU
		{5BF1E228-F898-40CF-B8FB-8412D8C81CFF}.Debug Without GemBox|Any CPU.ActiveCfg = Debug Without GemBox|Any CPU
		{5BF1E228-F898-40CF-B8FB-8412D8C81CFF}.Debug Without GemBox|Any CPU.Build.0 = Debug Without GemBox|Any CPU
		{5BF1E228-F898-40CF-B8FB-8412D8C81CFF}.Debug Without GemBox|Mixed Platforms.ActiveCfg = Debug Without GemBox|Any CPU
		{5BF1E228-F898-40CF-B8FB-8412D8C81CFF}.Debug Without GemBox|Mixed Platforms.Build.0 = Debug Without GemBox|Any CPU
		{5BF1E228-F898-40CF-B8FB-8412D8C81CFF}.Debug Without GemBox|x86.ActiveCfg = Debug Without GemBox|Any CPU
		{5BF1E228-F898-40CF-B8FB-8412D8C81CFF}.Debug Without GemBox|x86.Build.0 = Debug Without GemBox|Any CPU
		{5BF1E228-F898-40CF-B8FB-8412D8C81CFF}.Debug|Any CPU.ActiveCfg = Debug|Any CPU
		{5BF1E228-F898-40CF-B8FB-8412D8C81CFF}.Debug|Any CPU.Build.0 = Debug|Any CPU
		{5BF1E228-F898-40CF-B8FB-8412D8C81CFF}.Debug|Mixed Platforms.ActiveCfg = Debug|Any CPU
		{5BF1E228-F898-40CF-B8FB-8412D8C81CFF}.Debug|Mixed Platforms.Build.0 = Debug|Any CPU
		{5BF1E228-F898-40CF-B8FB-8412D8C81CFF}.Debug|x86.ActiveCfg = Debug|Any CPU
		{5BF1E228-F898-40CF-B8FB-8412D8C81CFF}.Release|Any CPU.ActiveCfg = Release|Any CPU
		{5BF1E228-F898-40CF-B8FB-8412D8C81CFF}.Release|Any CPU.Build.0 = Release|Any CPU
		{5BF1E228-F898-40CF-B8FB-8412D8C81CFF}.Release|Mixed Platforms.ActiveCfg = Release|Any CPU
		{5BF1E228-F898-40CF-B8FB-8412D8C81CFF}.Release|Mixed Platforms.Build.0 = Release|Any CPU
		{5BF1E228-F898-40CF-B8FB-8412D8C81CFF}.Release|x86.ActiveCfg = Release|Any CPU
		{DF77AEA3-43F7-403C-91AF-3023A3BB06EC}.Azure Pipelines|Any CPU.ActiveCfg = Release|Any CPU
		{DF77AEA3-43F7-403C-91AF-3023A3BB06EC}.Azure Pipelines|Any CPU.Build.0 = Release|Any CPU
		{DF77AEA3-43F7-403C-91AF-3023A3BB06EC}.Azure Pipelines|Mixed Platforms.ActiveCfg = Release|Any CPU
		{DF77AEA3-43F7-403C-91AF-3023A3BB06EC}.Azure Pipelines|Mixed Platforms.Build.0 = Release|Any CPU
		{DF77AEA3-43F7-403C-91AF-3023A3BB06EC}.Azure Pipelines|x86.ActiveCfg = Release|Any CPU
		{DF77AEA3-43F7-403C-91AF-3023A3BB06EC}.Azure Pipelines|x86.Build.0 = Release|Any CPU
		{DF77AEA3-43F7-403C-91AF-3023A3BB06EC}.Debug Without GemBox|Any CPU.ActiveCfg = Debug Without GemBox|Any CPU
		{DF77AEA3-43F7-403C-91AF-3023A3BB06EC}.Debug Without GemBox|Any CPU.Build.0 = Debug Without GemBox|Any CPU
		{DF77AEA3-43F7-403C-91AF-3023A3BB06EC}.Debug Without GemBox|Mixed Platforms.ActiveCfg = Debug Without GemBox|Any CPU
		{DF77AEA3-43F7-403C-91AF-3023A3BB06EC}.Debug Without GemBox|Mixed Platforms.Build.0 = Debug Without GemBox|Any CPU
		{DF77AEA3-43F7-403C-91AF-3023A3BB06EC}.Debug Without GemBox|x86.ActiveCfg = Debug Without GemBox|Any CPU
		{DF77AEA3-43F7-403C-91AF-3023A3BB06EC}.Debug Without GemBox|x86.Build.0 = Debug Without GemBox|Any CPU
		{DF77AEA3-43F7-403C-91AF-3023A3BB06EC}.Debug|Any CPU.ActiveCfg = Debug|Any CPU
		{DF77AEA3-43F7-403C-91AF-3023A3BB06EC}.Debug|Any CPU.Build.0 = Debug|Any CPU
		{DF77AEA3-43F7-403C-91AF-3023A3BB06EC}.Debug|Mixed Platforms.ActiveCfg = Debug|Any CPU
		{DF77AEA3-43F7-403C-91AF-3023A3BB06EC}.Debug|Mixed Platforms.Build.0 = Debug|Any CPU
		{DF77AEA3-43F7-403C-91AF-3023A3BB06EC}.Debug|x86.ActiveCfg = Debug|Any CPU
		{DF77AEA3-43F7-403C-91AF-3023A3BB06EC}.Release|Any CPU.ActiveCfg = Release|Any CPU
		{DF77AEA3-43F7-403C-91AF-3023A3BB06EC}.Release|Any CPU.Build.0 = Release|Any CPU
		{DF77AEA3-43F7-403C-91AF-3023A3BB06EC}.Release|Mixed Platforms.ActiveCfg = Release|Any CPU
		{DF77AEA3-43F7-403C-91AF-3023A3BB06EC}.Release|Mixed Platforms.Build.0 = Release|Any CPU
		{DF77AEA3-43F7-403C-91AF-3023A3BB06EC}.Release|x86.ActiveCfg = Release|Any CPU
		{564C72C8-586E-4218-B6B3-F464F7C3903A}.Azure Pipelines|Any CPU.ActiveCfg = Release|Any CPU
		{564C72C8-586E-4218-B6B3-F464F7C3903A}.Azure Pipelines|Any CPU.Build.0 = Release|Any CPU
		{564C72C8-586E-4218-B6B3-F464F7C3903A}.Azure Pipelines|Mixed Platforms.ActiveCfg = Release|Any CPU
		{564C72C8-586E-4218-B6B3-F464F7C3903A}.Azure Pipelines|Mixed Platforms.Build.0 = Release|Any CPU
		{564C72C8-586E-4218-B6B3-F464F7C3903A}.Azure Pipelines|x86.ActiveCfg = Release|Any CPU
		{564C72C8-586E-4218-B6B3-F464F7C3903A}.Azure Pipelines|x86.Build.0 = Release|Any CPU
		{564C72C8-586E-4218-B6B3-F464F7C3903A}.Debug Without GemBox|Any CPU.ActiveCfg = Debug|Any CPU
		{564C72C8-586E-4218-B6B3-F464F7C3903A}.Debug Without GemBox|Any CPU.Build.0 = Debug|Any CPU
		{564C72C8-586E-4218-B6B3-F464F7C3903A}.Debug Without GemBox|Mixed Platforms.ActiveCfg = Debug|Any CPU
		{564C72C8-586E-4218-B6B3-F464F7C3903A}.Debug Without GemBox|Mixed Platforms.Build.0 = Debug|Any CPU
		{564C72C8-586E-4218-B6B3-F464F7C3903A}.Debug Without GemBox|x86.ActiveCfg = Debug|Any CPU
		{564C72C8-586E-4218-B6B3-F464F7C3903A}.Debug Without GemBox|x86.Build.0 = Debug|Any CPU
		{564C72C8-586E-4218-B6B3-F464F7C3903A}.Debug|Any CPU.ActiveCfg = Debug|Any CPU
		{564C72C8-586E-4218-B6B3-F464F7C3903A}.Debug|Any CPU.Build.0 = Debug|Any CPU
		{564C72C8-586E-4218-B6B3-F464F7C3903A}.Debug|Mixed Platforms.ActiveCfg = Debug|Any CPU
		{564C72C8-586E-4218-B6B3-F464F7C3903A}.Debug|Mixed Platforms.Build.0 = Debug|Any CPU
		{564C72C8-586E-4218-B6B3-F464F7C3903A}.Debug|x86.ActiveCfg = Debug|Any CPU
		{564C72C8-586E-4218-B6B3-F464F7C3903A}.Debug|x86.Build.0 = Debug|Any CPU
		{564C72C8-586E-4218-B6B3-F464F7C3903A}.Release|Any CPU.ActiveCfg = Release|Any CPU
		{564C72C8-586E-4218-B6B3-F464F7C3903A}.Release|Any CPU.Build.0 = Release|Any CPU
		{564C72C8-586E-4218-B6B3-F464F7C3903A}.Release|Mixed Platforms.ActiveCfg = Release|Any CPU
		{564C72C8-586E-4218-B6B3-F464F7C3903A}.Release|Mixed Platforms.Build.0 = Release|Any CPU
		{564C72C8-586E-4218-B6B3-F464F7C3903A}.Release|x86.ActiveCfg = Release|Any CPU
		{564C72C8-586E-4218-B6B3-F464F7C3903A}.Release|x86.Build.0 = Release|Any CPU
		{EBCB3D22-03F2-40D2-B949-05CAE575F2EA}.Azure Pipelines|Any CPU.ActiveCfg = Release|Any CPU
		{EBCB3D22-03F2-40D2-B949-05CAE575F2EA}.Azure Pipelines|Any CPU.Build.0 = Release|Any CPU
		{EBCB3D22-03F2-40D2-B949-05CAE575F2EA}.Azure Pipelines|Mixed Platforms.ActiveCfg = Release|Any CPU
		{EBCB3D22-03F2-40D2-B949-05CAE575F2EA}.Azure Pipelines|Mixed Platforms.Build.0 = Release|Any CPU
		{EBCB3D22-03F2-40D2-B949-05CAE575F2EA}.Azure Pipelines|x86.ActiveCfg = Release|Any CPU
		{EBCB3D22-03F2-40D2-B949-05CAE575F2EA}.Azure Pipelines|x86.Build.0 = Release|Any CPU
		{EBCB3D22-03F2-40D2-B949-05CAE575F2EA}.Debug Without GemBox|Any CPU.ActiveCfg = Debug|Any CPU
		{EBCB3D22-03F2-40D2-B949-05CAE575F2EA}.Debug Without GemBox|Any CPU.Build.0 = Debug|Any CPU
		{EBCB3D22-03F2-40D2-B949-05CAE575F2EA}.Debug Without GemBox|Mixed Platforms.ActiveCfg = Debug|Any CPU
		{EBCB3D22-03F2-40D2-B949-05CAE575F2EA}.Debug Without GemBox|Mixed Platforms.Build.0 = Debug|Any CPU
		{EBCB3D22-03F2-40D2-B949-05CAE575F2EA}.Debug Without GemBox|x86.ActiveCfg = Debug|Any CPU
		{EBCB3D22-03F2-40D2-B949-05CAE575F2EA}.Debug Without GemBox|x86.Build.0 = Debug|Any CPU
		{EBCB3D22-03F2-40D2-B949-05CAE575F2EA}.Debug|Any CPU.ActiveCfg = Debug|Any CPU
		{EBCB3D22-03F2-40D2-B949-05CAE575F2EA}.Debug|Any CPU.Build.0 = Debug|Any CPU
		{EBCB3D22-03F2-40D2-B949-05CAE575F2EA}.Debug|Mixed Platforms.ActiveCfg = Debug|Any CPU
		{EBCB3D22-03F2-40D2-B949-05CAE575F2EA}.Debug|Mixed Platforms.Build.0 = Debug|Any CPU
		{EBCB3D22-03F2-40D2-B949-05CAE575F2EA}.Debug|x86.ActiveCfg = Debug|Any CPU
		{EBCB3D22-03F2-40D2-B949-05CAE575F2EA}.Debug|x86.Build.0 = Debug|Any CPU
		{EBCB3D22-03F2-40D2-B949-05CAE575F2EA}.Release|Any CPU.ActiveCfg = Release|Any CPU
		{EBCB3D22-03F2-40D2-B949-05CAE575F2EA}.Release|Any CPU.Build.0 = Release|Any CPU
		{EBCB3D22-03F2-40D2-B949-05CAE575F2EA}.Release|Mixed Platforms.ActiveCfg = Release|Any CPU
		{EBCB3D22-03F2-40D2-B949-05CAE575F2EA}.Release|Mixed Platforms.Build.0 = Release|Any CPU
		{EBCB3D22-03F2-40D2-B949-05CAE575F2EA}.Release|x86.ActiveCfg = Release|Any CPU
		{EBCB3D22-03F2-40D2-B949-05CAE575F2EA}.Release|x86.Build.0 = Release|Any CPU
		{693DDB30-8E8E-43E9-AE13-EE2010F46C96}.Azure Pipelines|Any CPU.ActiveCfg = Release|Any CPU
		{693DDB30-8E8E-43E9-AE13-EE2010F46C96}.Azure Pipelines|Any CPU.Build.0 = Release|Any CPU
		{693DDB30-8E8E-43E9-AE13-EE2010F46C96}.Azure Pipelines|Mixed Platforms.ActiveCfg = Release|Any CPU
		{693DDB30-8E8E-43E9-AE13-EE2010F46C96}.Azure Pipelines|Mixed Platforms.Build.0 = Release|Any CPU
		{693DDB30-8E8E-43E9-AE13-EE2010F46C96}.Azure Pipelines|x86.ActiveCfg = Release|Any CPU
		{693DDB30-8E8E-43E9-AE13-EE2010F46C96}.Azure Pipelines|x86.Build.0 = Release|Any CPU
		{693DDB30-8E8E-43E9-AE13-EE2010F46C96}.Debug Without GemBox|Any CPU.ActiveCfg = Debug Without GemBox|Any CPU
		{693DDB30-8E8E-43E9-AE13-EE2010F46C96}.Debug Without GemBox|Any CPU.Build.0 = Debug Without GemBox|Any CPU
		{693DDB30-8E8E-43E9-AE13-EE2010F46C96}.Debug Without GemBox|Mixed Platforms.ActiveCfg = Debug Without GemBox|Any CPU
		{693DDB30-8E8E-43E9-AE13-EE2010F46C96}.Debug Without GemBox|Mixed Platforms.Build.0 = Debug Without GemBox|Any CPU
		{693DDB30-8E8E-43E9-AE13-EE2010F46C96}.Debug Without GemBox|x86.ActiveCfg = Debug Without GemBox|Any CPU
		{693DDB30-8E8E-43E9-AE13-EE2010F46C96}.Debug Without GemBox|x86.Build.0 = Debug Without GemBox|Any CPU
		{693DDB30-8E8E-43E9-AE13-EE2010F46C96}.Debug|Any CPU.ActiveCfg = Debug|Any CPU
		{693DDB30-8E8E-43E9-AE13-EE2010F46C96}.Debug|Any CPU.Build.0 = Debug|Any CPU
		{693DDB30-8E8E-43E9-AE13-EE2010F46C96}.Debug|Mixed Platforms.ActiveCfg = Debug|Any CPU
		{693DDB30-8E8E-43E9-AE13-EE2010F46C96}.Debug|Mixed Platforms.Build.0 = Debug|Any CPU
		{693DDB30-8E8E-43E9-AE13-EE2010F46C96}.Debug|x86.ActiveCfg = Debug|Any CPU
		{693DDB30-8E8E-43E9-AE13-EE2010F46C96}.Debug|x86.Build.0 = Debug|Any CPU
		{693DDB30-8E8E-43E9-AE13-EE2010F46C96}.Release|Any CPU.ActiveCfg = Release|Any CPU
		{693DDB30-8E8E-43E9-AE13-EE2010F46C96}.Release|Any CPU.Build.0 = Release|Any CPU
		{693DDB30-8E8E-43E9-AE13-EE2010F46C96}.Release|Mixed Platforms.ActiveCfg = Release|Any CPU
		{693DDB30-8E8E-43E9-AE13-EE2010F46C96}.Release|Mixed Platforms.Build.0 = Release|Any CPU
		{693DDB30-8E8E-43E9-AE13-EE2010F46C96}.Release|x86.ActiveCfg = Release|Any CPU
		{693DDB30-8E8E-43E9-AE13-EE2010F46C96}.Release|x86.Build.0 = Release|Any CPU
		{C3824C2C-6E2E-4FDE-A2AA-229BBC7C3B1F}.Azure Pipelines|Any CPU.ActiveCfg = Release|Any CPU
		{C3824C2C-6E2E-4FDE-A2AA-229BBC7C3B1F}.Azure Pipelines|Any CPU.Build.0 = Release|Any CPU
		{C3824C2C-6E2E-4FDE-A2AA-229BBC7C3B1F}.Azure Pipelines|Mixed Platforms.ActiveCfg = Release|Any CPU
		{C3824C2C-6E2E-4FDE-A2AA-229BBC7C3B1F}.Azure Pipelines|Mixed Platforms.Build.0 = Release|Any CPU
		{C3824C2C-6E2E-4FDE-A2AA-229BBC7C3B1F}.Azure Pipelines|x86.ActiveCfg = Release|Any CPU
		{C3824C2C-6E2E-4FDE-A2AA-229BBC7C3B1F}.Azure Pipelines|x86.Build.0 = Release|Any CPU
		{C3824C2C-6E2E-4FDE-A2AA-229BBC7C3B1F}.Debug Without GemBox|Any CPU.ActiveCfg = Debug Without GemBox|Any CPU
		{C3824C2C-6E2E-4FDE-A2AA-229BBC7C3B1F}.Debug Without GemBox|Any CPU.Build.0 = Debug Without GemBox|Any CPU
		{C3824C2C-6E2E-4FDE-A2AA-229BBC7C3B1F}.Debug Without GemBox|Mixed Platforms.ActiveCfg = Debug Without GemBox|Any CPU
		{C3824C2C-6E2E-4FDE-A2AA-229BBC7C3B1F}.Debug Without GemBox|Mixed Platforms.Build.0 = Debug Without GemBox|Any CPU
		{C3824C2C-6E2E-4FDE-A2AA-229BBC7C3B1F}.Debug Without GemBox|x86.ActiveCfg = Debug Without GemBox|Any CPU
		{C3824C2C-6E2E-4FDE-A2AA-229BBC7C3B1F}.Debug Without GemBox|x86.Build.0 = Debug Without GemBox|Any CPU
		{C3824C2C-6E2E-4FDE-A2AA-229BBC7C3B1F}.Debug|Any CPU.ActiveCfg = Debug|Any CPU
		{C3824C2C-6E2E-4FDE-A2AA-229BBC7C3B1F}.Debug|Any CPU.Build.0 = Debug|Any CPU
		{C3824C2C-6E2E-4FDE-A2AA-229BBC7C3B1F}.Debug|Mixed Platforms.ActiveCfg = Debug|Any CPU
		{C3824C2C-6E2E-4FDE-A2AA-229BBC7C3B1F}.Debug|x86.ActiveCfg = Debug|Any CPU
		{C3824C2C-6E2E-4FDE-A2AA-229BBC7C3B1F}.Debug|x86.Build.0 = Debug|Any CPU
		{C3824C2C-6E2E-4FDE-A2AA-229BBC7C3B1F}.Release|Any CPU.ActiveCfg = Release|Any CPU
		{C3824C2C-6E2E-4FDE-A2AA-229BBC7C3B1F}.Release|Any CPU.Build.0 = Release|Any CPU
		{C3824C2C-6E2E-4FDE-A2AA-229BBC7C3B1F}.Release|Mixed Platforms.ActiveCfg = Release|Any CPU
		{C3824C2C-6E2E-4FDE-A2AA-229BBC7C3B1F}.Release|Mixed Platforms.Build.0 = Release|Any CPU
		{C3824C2C-6E2E-4FDE-A2AA-229BBC7C3B1F}.Release|x86.ActiveCfg = Release|Any CPU
		{C3824C2C-6E2E-4FDE-A2AA-229BBC7C3B1F}.Release|x86.Build.0 = Release|Any CPU
		{EEB5C09F-CEC6-4FB5-87B5-AE61AE89C9EB}.Azure Pipelines|Any CPU.ActiveCfg = Release|Any CPU
		{EEB5C09F-CEC6-4FB5-87B5-AE61AE89C9EB}.Azure Pipelines|Any CPU.Build.0 = Release|Any CPU
		{EEB5C09F-CEC6-4FB5-87B5-AE61AE89C9EB}.Azure Pipelines|Mixed Platforms.ActiveCfg = Release|Any CPU
		{EEB5C09F-CEC6-4FB5-87B5-AE61AE89C9EB}.Azure Pipelines|Mixed Platforms.Build.0 = Release|Any CPU
		{EEB5C09F-CEC6-4FB5-87B5-AE61AE89C9EB}.Azure Pipelines|x86.ActiveCfg = Release|Any CPU
		{EEB5C09F-CEC6-4FB5-87B5-AE61AE89C9EB}.Azure Pipelines|x86.Build.0 = Release|Any CPU
		{EEB5C09F-CEC6-4FB5-87B5-AE61AE89C9EB}.Debug Without GemBox|Any CPU.ActiveCfg = Debug Without GemBox|Any CPU
		{EEB5C09F-CEC6-4FB5-87B5-AE61AE89C9EB}.Debug Without GemBox|Any CPU.Build.0 = Debug Without GemBox|Any CPU
		{EEB5C09F-CEC6-4FB5-87B5-AE61AE89C9EB}.Debug Without GemBox|Mixed Platforms.ActiveCfg = Debug Without GemBox|Any CPU
		{EEB5C09F-CEC6-4FB5-87B5-AE61AE89C9EB}.Debug Without GemBox|Mixed Platforms.Build.0 = Debug Without GemBox|Any CPU
		{EEB5C09F-CEC6-4FB5-87B5-AE61AE89C9EB}.Debug Without GemBox|x86.ActiveCfg = Debug Without GemBox|Any CPU
		{EEB5C09F-CEC6-4FB5-87B5-AE61AE89C9EB}.Debug Without GemBox|x86.Build.0 = Debug Without GemBox|Any CPU
		{EEB5C09F-CEC6-4FB5-87B5-AE61AE89C9EB}.Debug|Any CPU.ActiveCfg = Debug|Any CPU
		{EEB5C09F-CEC6-4FB5-87B5-AE61AE89C9EB}.Debug|Any CPU.Build.0 = Debug|Any CPU
		{EEB5C09F-CEC6-4FB5-87B5-AE61AE89C9EB}.Debug|Mixed Platforms.ActiveCfg = Debug|Any CPU
		{EEB5C09F-CEC6-4FB5-87B5-AE61AE89C9EB}.Debug|x86.ActiveCfg = Debug|Any CPU
		{EEB5C09F-CEC6-4FB5-87B5-AE61AE89C9EB}.Debug|x86.Build.0 = Debug|Any CPU
		{EEB5C09F-CEC6-4FB5-87B5-AE61AE89C9EB}.Release|Any CPU.ActiveCfg = Release|Any CPU
		{EEB5C09F-CEC6-4FB5-87B5-AE61AE89C9EB}.Release|Any CPU.Build.0 = Release|Any CPU
		{EEB5C09F-CEC6-4FB5-87B5-AE61AE89C9EB}.Release|Mixed Platforms.ActiveCfg = Release|Any CPU
		{EEB5C09F-CEC6-4FB5-87B5-AE61AE89C9EB}.Release|Mixed Platforms.Build.0 = Release|Any CPU
		{EEB5C09F-CEC6-4FB5-87B5-AE61AE89C9EB}.Release|x86.ActiveCfg = Release|Any CPU
		{EEB5C09F-CEC6-4FB5-87B5-AE61AE89C9EB}.Release|x86.Build.0 = Release|Any CPU
		{5093677C-F49B-4249-BEC1-E117E62255AD}.Azure Pipelines|Any CPU.ActiveCfg = Release|x86
		{5093677C-F49B-4249-BEC1-E117E62255AD}.Azure Pipelines|Any CPU.Build.0 = Release|x86
		{5093677C-F49B-4249-BEC1-E117E62255AD}.Azure Pipelines|Mixed Platforms.ActiveCfg = Release|x86
		{5093677C-F49B-4249-BEC1-E117E62255AD}.Azure Pipelines|Mixed Platforms.Build.0 = Release|x86
		{5093677C-F49B-4249-BEC1-E117E62255AD}.Azure Pipelines|x86.ActiveCfg = Release|x86
		{5093677C-F49B-4249-BEC1-E117E62255AD}.Azure Pipelines|x86.Build.0 = Release|x86
		{5093677C-F49B-4249-BEC1-E117E62255AD}.Debug Without GemBox|Any CPU.ActiveCfg = Debug Without GemBox|x86
		{5093677C-F49B-4249-BEC1-E117E62255AD}.Debug Without GemBox|Mixed Platforms.ActiveCfg = Debug Without GemBox|x86
		{5093677C-F49B-4249-BEC1-E117E62255AD}.Debug Without GemBox|Mixed Platforms.Build.0 = Debug Without GemBox|x86
		{5093677C-F49B-4249-BEC1-E117E62255AD}.Debug Without GemBox|x86.ActiveCfg = Debug Without GemBox|x86
		{5093677C-F49B-4249-BEC1-E117E62255AD}.Debug Without GemBox|x86.Build.0 = Debug Without GemBox|x86
		{5093677C-F49B-4249-BEC1-E117E62255AD}.Debug|Any CPU.ActiveCfg = Debug|x86
		{5093677C-F49B-4249-BEC1-E117E62255AD}.Debug|Any CPU.Build.0 = Debug|x86
		{5093677C-F49B-4249-BEC1-E117E62255AD}.Debug|Mixed Platforms.ActiveCfg = Debug|x86
		{5093677C-F49B-4249-BEC1-E117E62255AD}.Debug|x86.ActiveCfg = Debug|x86
		{5093677C-F49B-4249-BEC1-E117E62255AD}.Debug|x86.Build.0 = Debug|x86
		{5093677C-F49B-4249-BEC1-E117E62255AD}.Release|Any CPU.ActiveCfg = Release|x86
		{5093677C-F49B-4249-BEC1-E117E62255AD}.Release|Mixed Platforms.ActiveCfg = Release|x86
		{5093677C-F49B-4249-BEC1-E117E62255AD}.Release|Mixed Platforms.Build.0 = Release|x86
		{5093677C-F49B-4249-BEC1-E117E62255AD}.Release|x86.ActiveCfg = Release|x86
		{5093677C-F49B-4249-BEC1-E117E62255AD}.Release|x86.Build.0 = Release|x86
		{2A313862-8D9B-4191-BC2C-015AAFCE295F}.Azure Pipelines|Any CPU.ActiveCfg = Release|Any CPU
		{2A313862-8D9B-4191-BC2C-015AAFCE295F}.Azure Pipelines|Any CPU.Build.0 = Release|Any CPU
		{2A313862-8D9B-4191-BC2C-015AAFCE295F}.Azure Pipelines|Mixed Platforms.ActiveCfg = Release|Any CPU
		{2A313862-8D9B-4191-BC2C-015AAFCE295F}.Azure Pipelines|Mixed Platforms.Build.0 = Release|Any CPU
		{2A313862-8D9B-4191-BC2C-015AAFCE295F}.Azure Pipelines|x86.ActiveCfg = Release|Any CPU
		{2A313862-8D9B-4191-BC2C-015AAFCE295F}.Azure Pipelines|x86.Build.0 = Release|Any CPU
		{2A313862-8D9B-4191-BC2C-015AAFCE295F}.Debug Without GemBox|Any CPU.ActiveCfg = Debug|Any CPU
		{2A313862-8D9B-4191-BC2C-015AAFCE295F}.Debug Without GemBox|Any CPU.Build.0 = Debug|Any CPU
		{2A313862-8D9B-4191-BC2C-015AAFCE295F}.Debug Without GemBox|Mixed Platforms.ActiveCfg = Debug|Any CPU
		{2A313862-8D9B-4191-BC2C-015AAFCE295F}.Debug Without GemBox|Mixed Platforms.Build.0 = Debug|Any CPU
		{2A313862-8D9B-4191-BC2C-015AAFCE295F}.Debug Without GemBox|x86.ActiveCfg = Debug|Any CPU
		{2A313862-8D9B-4191-BC2C-015AAFCE295F}.Debug Without GemBox|x86.Build.0 = Debug|Any CPU
		{2A313862-8D9B-4191-BC2C-015AAFCE295F}.Debug|Any CPU.ActiveCfg = Debug|Any CPU
		{2A313862-8D9B-4191-BC2C-015AAFCE295F}.Debug|Any CPU.Build.0 = Debug|Any CPU
		{2A313862-8D9B-4191-BC2C-015AAFCE295F}.Debug|Mixed Platforms.ActiveCfg = Debug|Any CPU
		{2A313862-8D9B-4191-BC2C-015AAFCE295F}.Debug|Mixed Platforms.Build.0 = Debug|Any CPU
		{2A313862-8D9B-4191-BC2C-015AAFCE295F}.Debug|x86.ActiveCfg = Debug|Any CPU
		{2A313862-8D9B-4191-BC2C-015AAFCE295F}.Debug|x86.Build.0 = Debug|Any CPU
		{2A313862-8D9B-4191-BC2C-015AAFCE295F}.Release|Any CPU.ActiveCfg = Release|Any CPU
		{2A313862-8D9B-4191-BC2C-015AAFCE295F}.Release|Any CPU.Build.0 = Release|Any CPU
		{2A313862-8D9B-4191-BC2C-015AAFCE295F}.Release|Mixed Platforms.ActiveCfg = Release|Any CPU
		{2A313862-8D9B-4191-BC2C-015AAFCE295F}.Release|Mixed Platforms.Build.0 = Release|Any CPU
		{2A313862-8D9B-4191-BC2C-015AAFCE295F}.Release|x86.ActiveCfg = Release|Any CPU
		{2A313862-8D9B-4191-BC2C-015AAFCE295F}.Release|x86.Build.0 = Release|Any CPU
		{11A7B20D-1DC3-4F04-81E5-C912B0017868}.Azure Pipelines|Any CPU.ActiveCfg = Release|Any CPU
		{11A7B20D-1DC3-4F04-81E5-C912B0017868}.Azure Pipelines|Any CPU.Build.0 = Release|Any CPU
		{11A7B20D-1DC3-4F04-81E5-C912B0017868}.Azure Pipelines|Mixed Platforms.ActiveCfg = Release|Any CPU
		{11A7B20D-1DC3-4F04-81E5-C912B0017868}.Azure Pipelines|Mixed Platforms.Build.0 = Release|Any CPU
		{11A7B20D-1DC3-4F04-81E5-C912B0017868}.Azure Pipelines|x86.ActiveCfg = Release|Any CPU
		{11A7B20D-1DC3-4F04-81E5-C912B0017868}.Azure Pipelines|x86.Build.0 = Release|Any CPU
		{11A7B20D-1DC3-4F04-81E5-C912B0017868}.Debug Without GemBox|Any CPU.ActiveCfg = Debug|Any CPU
		{11A7B20D-1DC3-4F04-81E5-C912B0017868}.Debug Without GemBox|Any CPU.Build.0 = Debug|Any CPU
		{11A7B20D-1DC3-4F04-81E5-C912B0017868}.Debug Without GemBox|Mixed Platforms.ActiveCfg = Debug|Any CPU
		{11A7B20D-1DC3-4F04-81E5-C912B0017868}.Debug Without GemBox|Mixed Platforms.Build.0 = Debug|Any CPU
		{11A7B20D-1DC3-4F04-81E5-C912B0017868}.Debug Without GemBox|x86.ActiveCfg = Debug|Any CPU
		{11A7B20D-1DC3-4F04-81E5-C912B0017868}.Debug Without GemBox|x86.Build.0 = Debug|Any CPU
		{11A7B20D-1DC3-4F04-81E5-C912B0017868}.Debug|Any CPU.ActiveCfg = Debug|Any CPU
		{11A7B20D-1DC3-4F04-81E5-C912B0017868}.Debug|Any CPU.Build.0 = Debug|Any CPU
		{11A7B20D-1DC3-4F04-81E5-C912B0017868}.Debug|Mixed Platforms.ActiveCfg = Debug|Any CPU
		{11A7B20D-1DC3-4F04-81E5-C912B0017868}.Debug|Mixed Platforms.Build.0 = Debug|Any CPU
		{11A7B20D-1DC3-4F04-81E5-C912B0017868}.Debug|x86.ActiveCfg = Debug|Any CPU
		{11A7B20D-1DC3-4F04-81E5-C912B0017868}.Debug|x86.Build.0 = Debug|Any CPU
		{11A7B20D-1DC3-4F04-81E5-C912B0017868}.Release|Any CPU.ActiveCfg = Release|Any CPU
		{11A7B20D-1DC3-4F04-81E5-C912B0017868}.Release|Any CPU.Build.0 = Release|Any CPU
		{11A7B20D-1DC3-4F04-81E5-C912B0017868}.Release|Mixed Platforms.ActiveCfg = Release|Any CPU
		{11A7B20D-1DC3-4F04-81E5-C912B0017868}.Release|Mixed Platforms.Build.0 = Release|Any CPU
		{11A7B20D-1DC3-4F04-81E5-C912B0017868}.Release|x86.ActiveCfg = Release|Any CPU
		{11A7B20D-1DC3-4F04-81E5-C912B0017868}.Release|x86.Build.0 = Release|Any CPU
		{932ACA20-4FEF-4B4B-8EFF-9198EA1E6215}.Azure Pipelines|Any CPU.ActiveCfg = Release|Any CPU
		{932ACA20-4FEF-4B4B-8EFF-9198EA1E6215}.Azure Pipelines|Any CPU.Build.0 = Release|Any CPU
		{932ACA20-4FEF-4B4B-8EFF-9198EA1E6215}.Azure Pipelines|Mixed Platforms.ActiveCfg = Release|Any CPU
		{932ACA20-4FEF-4B4B-8EFF-9198EA1E6215}.Azure Pipelines|Mixed Platforms.Build.0 = Release|Any CPU
		{932ACA20-4FEF-4B4B-8EFF-9198EA1E6215}.Azure Pipelines|x86.ActiveCfg = Release|Any CPU
		{932ACA20-4FEF-4B4B-8EFF-9198EA1E6215}.Azure Pipelines|x86.Build.0 = Release|Any CPU
		{932ACA20-4FEF-4B4B-8EFF-9198EA1E6215}.Debug Without GemBox|Any CPU.ActiveCfg = Debug|Any CPU
		{932ACA20-4FEF-4B4B-8EFF-9198EA1E6215}.Debug Without GemBox|Any CPU.Build.0 = Debug|Any CPU
		{932ACA20-4FEF-4B4B-8EFF-9198EA1E6215}.Debug Without GemBox|Mixed Platforms.ActiveCfg = Debug|Any CPU
		{932ACA20-4FEF-4B4B-8EFF-9198EA1E6215}.Debug Without GemBox|Mixed Platforms.Build.0 = Debug|Any CPU
		{932ACA20-4FEF-4B4B-8EFF-9198EA1E6215}.Debug Without GemBox|x86.ActiveCfg = Debug|Any CPU
		{932ACA20-4FEF-4B4B-8EFF-9198EA1E6215}.Debug Without GemBox|x86.Build.0 = Debug|Any CPU
		{932ACA20-4FEF-4B4B-8EFF-9198EA1E6215}.Debug|Any CPU.ActiveCfg = Debug|Any CPU
		{932ACA20-4FEF-4B4B-8EFF-9198EA1E6215}.Debug|Any CPU.Build.0 = Debug|Any CPU
		{932ACA20-4FEF-4B4B-8EFF-9198EA1E6215}.Debug|Mixed Platforms.ActiveCfg = Debug|Any CPU
		{932ACA20-4FEF-4B4B-8EFF-9198EA1E6215}.Debug|Mixed Platforms.Build.0 = Debug|Any CPU
		{932ACA20-4FEF-4B4B-8EFF-9198EA1E6215}.Debug|x86.ActiveCfg = Debug|Any CPU
		{932ACA20-4FEF-4B4B-8EFF-9198EA1E6215}.Debug|x86.Build.0 = Debug|Any CPU
		{932ACA20-4FEF-4B4B-8EFF-9198EA1E6215}.Release|Any CPU.ActiveCfg = Release|Any CPU
		{932ACA20-4FEF-4B4B-8EFF-9198EA1E6215}.Release|Any CPU.Build.0 = Release|Any CPU
		{932ACA20-4FEF-4B4B-8EFF-9198EA1E6215}.Release|Mixed Platforms.ActiveCfg = Release|Any CPU
		{932ACA20-4FEF-4B4B-8EFF-9198EA1E6215}.Release|Mixed Platforms.Build.0 = Release|Any CPU
		{932ACA20-4FEF-4B4B-8EFF-9198EA1E6215}.Release|x86.ActiveCfg = Release|Any CPU
		{932ACA20-4FEF-4B4B-8EFF-9198EA1E6215}.Release|x86.Build.0 = Release|Any CPU
		{DD6AF32E-4585-44A8-8561-D656A53336D3}.Azure Pipelines|Any CPU.ActiveCfg = Release|Any CPU
		{DD6AF32E-4585-44A8-8561-D656A53336D3}.Azure Pipelines|Any CPU.Build.0 = Release|Any CPU
		{DD6AF32E-4585-44A8-8561-D656A53336D3}.Azure Pipelines|Mixed Platforms.ActiveCfg = Release|Any CPU
		{DD6AF32E-4585-44A8-8561-D656A53336D3}.Azure Pipelines|Mixed Platforms.Build.0 = Release|Any CPU
		{DD6AF32E-4585-44A8-8561-D656A53336D3}.Azure Pipelines|x86.ActiveCfg = Release|Any CPU
		{DD6AF32E-4585-44A8-8561-D656A53336D3}.Azure Pipelines|x86.Build.0 = Release|Any CPU
		{DD6AF32E-4585-44A8-8561-D656A53336D3}.Debug Without GemBox|Any CPU.ActiveCfg = Debug|Any CPU
		{DD6AF32E-4585-44A8-8561-D656A53336D3}.Debug Without GemBox|Any CPU.Build.0 = Debug|Any CPU
		{DD6AF32E-4585-44A8-8561-D656A53336D3}.Debug Without GemBox|Mixed Platforms.ActiveCfg = Debug|Any CPU
		{DD6AF32E-4585-44A8-8561-D656A53336D3}.Debug Without GemBox|Mixed Platforms.Build.0 = Debug|Any CPU
		{DD6AF32E-4585-44A8-8561-D656A53336D3}.Debug Without GemBox|x86.ActiveCfg = Debug|Any CPU
		{DD6AF32E-4585-44A8-8561-D656A53336D3}.Debug Without GemBox|x86.Build.0 = Debug|Any CPU
		{DD6AF32E-4585-44A8-8561-D656A53336D3}.Debug|Any CPU.ActiveCfg = Debug|Any CPU
		{DD6AF32E-4585-44A8-8561-D656A53336D3}.Debug|Any CPU.Build.0 = Debug|Any CPU
		{DD6AF32E-4585-44A8-8561-D656A53336D3}.Debug|Mixed Platforms.ActiveCfg = Debug|Any CPU
		{DD6AF32E-4585-44A8-8561-D656A53336D3}.Debug|Mixed Platforms.Build.0 = Debug|Any CPU
		{DD6AF32E-4585-44A8-8561-D656A53336D3}.Debug|x86.ActiveCfg = Debug|Any CPU
		{DD6AF32E-4585-44A8-8561-D656A53336D3}.Debug|x86.Build.0 = Debug|Any CPU
		{DD6AF32E-4585-44A8-8561-D656A53336D3}.Release|Any CPU.ActiveCfg = Release|Any CPU
		{DD6AF32E-4585-44A8-8561-D656A53336D3}.Release|Any CPU.Build.0 = Release|Any CPU
		{DD6AF32E-4585-44A8-8561-D656A53336D3}.Release|Mixed Platforms.ActiveCfg = Release|Any CPU
		{DD6AF32E-4585-44A8-8561-D656A53336D3}.Release|Mixed Platforms.Build.0 = Release|Any CPU
		{DD6AF32E-4585-44A8-8561-D656A53336D3}.Release|x86.ActiveCfg = Release|Any CPU
		{DD6AF32E-4585-44A8-8561-D656A53336D3}.Release|x86.Build.0 = Release|Any CPU
		{C75532C4-765B-418E-B09B-46D36B2ABDB1}.Azure Pipelines|Any CPU.ActiveCfg = Release|Any CPU
		{C75532C4-765B-418E-B09B-46D36B2ABDB1}.Azure Pipelines|Any CPU.Build.0 = Release|Any CPU
		{C75532C4-765B-418E-B09B-46D36B2ABDB1}.Azure Pipelines|Mixed Platforms.ActiveCfg = Release|Any CPU
		{C75532C4-765B-418E-B09B-46D36B2ABDB1}.Azure Pipelines|Mixed Platforms.Build.0 = Release|Any CPU
		{C75532C4-765B-418E-B09B-46D36B2ABDB1}.Azure Pipelines|x86.ActiveCfg = Release|Any CPU
		{C75532C4-765B-418E-B09B-46D36B2ABDB1}.Azure Pipelines|x86.Build.0 = Release|Any CPU
		{C75532C4-765B-418E-B09B-46D36B2ABDB1}.Debug Without GemBox|Any CPU.ActiveCfg = Debug|Any CPU
		{C75532C4-765B-418E-B09B-46D36B2ABDB1}.Debug Without GemBox|Any CPU.Build.0 = Debug|Any CPU
		{C75532C4-765B-418E-B09B-46D36B2ABDB1}.Debug Without GemBox|Mixed Platforms.ActiveCfg = Debug|Any CPU
		{C75532C4-765B-418E-B09B-46D36B2ABDB1}.Debug Without GemBox|Mixed Platforms.Build.0 = Debug|Any CPU
		{C75532C4-765B-418E-B09B-46D36B2ABDB1}.Debug Without GemBox|x86.ActiveCfg = Debug|Any CPU
		{C75532C4-765B-418E-B09B-46D36B2ABDB1}.Debug Without GemBox|x86.Build.0 = Debug|Any CPU
		{C75532C4-765B-418E-B09B-46D36B2ABDB1}.Debug|Any CPU.ActiveCfg = Debug|Any CPU
		{C75532C4-765B-418E-B09B-46D36B2ABDB1}.Debug|Any CPU.Build.0 = Debug|Any CPU
		{C75532C4-765B-418E-B09B-46D36B2ABDB1}.Debug|Mixed Platforms.ActiveCfg = Debug|Any CPU
		{C75532C4-765B-418E-B09B-46D36B2ABDB1}.Debug|Mixed Platforms.Build.0 = Debug|Any CPU
		{C75532C4-765B-418E-B09B-46D36B2ABDB1}.Debug|x86.ActiveCfg = Debug|Any CPU
		{C75532C4-765B-418E-B09B-46D36B2ABDB1}.Debug|x86.Build.0 = Debug|Any CPU
		{C75532C4-765B-418E-B09B-46D36B2ABDB1}.Release|Any CPU.ActiveCfg = Release|Any CPU
		{C75532C4-765B-418E-B09B-46D36B2ABDB1}.Release|Any CPU.Build.0 = Release|Any CPU
		{C75532C4-765B-418E-B09B-46D36B2ABDB1}.Release|Mixed Platforms.ActiveCfg = Release|Any CPU
		{C75532C4-765B-418E-B09B-46D36B2ABDB1}.Release|Mixed Platforms.Build.0 = Release|Any CPU
		{C75532C4-765B-418E-B09B-46D36B2ABDB1}.Release|x86.ActiveCfg = Release|Any CPU
		{C75532C4-765B-418E-B09B-46D36B2ABDB1}.Release|x86.Build.0 = Release|Any CPU
		{40793A27-478B-4357-B4C3-FC8943131F3D}.Azure Pipelines|Any CPU.ActiveCfg = Release|Any CPU
		{40793A27-478B-4357-B4C3-FC8943131F3D}.Azure Pipelines|Any CPU.Build.0 = Release|Any CPU
		{40793A27-478B-4357-B4C3-FC8943131F3D}.Azure Pipelines|Mixed Platforms.ActiveCfg = Release|Any CPU
		{40793A27-478B-4357-B4C3-FC8943131F3D}.Azure Pipelines|Mixed Platforms.Build.0 = Release|Any CPU
		{40793A27-478B-4357-B4C3-FC8943131F3D}.Azure Pipelines|x86.ActiveCfg = Release|Any CPU
		{40793A27-478B-4357-B4C3-FC8943131F3D}.Azure Pipelines|x86.Build.0 = Release|Any CPU
		{40793A27-478B-4357-B4C3-FC8943131F3D}.Debug Without GemBox|Any CPU.ActiveCfg = Debug|Any CPU
		{40793A27-478B-4357-B4C3-FC8943131F3D}.Debug Without GemBox|Any CPU.Build.0 = Debug|Any CPU
		{40793A27-478B-4357-B4C3-FC8943131F3D}.Debug Without GemBox|Mixed Platforms.ActiveCfg = Debug|Any CPU
		{40793A27-478B-4357-B4C3-FC8943131F3D}.Debug Without GemBox|Mixed Platforms.Build.0 = Debug|Any CPU
		{40793A27-478B-4357-B4C3-FC8943131F3D}.Debug Without GemBox|x86.ActiveCfg = Debug|Any CPU
		{40793A27-478B-4357-B4C3-FC8943131F3D}.Debug Without GemBox|x86.Build.0 = Debug|Any CPU
		{40793A27-478B-4357-B4C3-FC8943131F3D}.Debug|Any CPU.ActiveCfg = Debug|Any CPU
		{40793A27-478B-4357-B4C3-FC8943131F3D}.Debug|Any CPU.Build.0 = Debug|Any CPU
		{40793A27-478B-4357-B4C3-FC8943131F3D}.Debug|Mixed Platforms.ActiveCfg = Debug|Any CPU
		{40793A27-478B-4357-B4C3-FC8943131F3D}.Debug|x86.ActiveCfg = Debug|Any CPU
		{40793A27-478B-4357-B4C3-FC8943131F3D}.Debug|x86.Build.0 = Debug|Any CPU
		{40793A27-478B-4357-B4C3-FC8943131F3D}.Release|Any CPU.ActiveCfg = Release|Any CPU
		{40793A27-478B-4357-B4C3-FC8943131F3D}.Release|Any CPU.Build.0 = Release|Any CPU
		{40793A27-478B-4357-B4C3-FC8943131F3D}.Release|Mixed Platforms.ActiveCfg = Release|Any CPU
		{40793A27-478B-4357-B4C3-FC8943131F3D}.Release|Mixed Platforms.Build.0 = Release|Any CPU
		{40793A27-478B-4357-B4C3-FC8943131F3D}.Release|x86.ActiveCfg = Release|Any CPU
		{40793A27-478B-4357-B4C3-FC8943131F3D}.Release|x86.Build.0 = Release|Any CPU
		{245E07F6-10D5-4CFA-B003-0DEB06B223DA}.Azure Pipelines|Any CPU.ActiveCfg = Release|Any CPU
		{245E07F6-10D5-4CFA-B003-0DEB06B223DA}.Azure Pipelines|Any CPU.Build.0 = Release|Any CPU
		{245E07F6-10D5-4CFA-B003-0DEB06B223DA}.Azure Pipelines|Mixed Platforms.ActiveCfg = Release|Any CPU
		{245E07F6-10D5-4CFA-B003-0DEB06B223DA}.Azure Pipelines|Mixed Platforms.Build.0 = Release|Any CPU
		{245E07F6-10D5-4CFA-B003-0DEB06B223DA}.Azure Pipelines|x86.ActiveCfg = Release|Any CPU
		{245E07F6-10D5-4CFA-B003-0DEB06B223DA}.Azure Pipelines|x86.Build.0 = Release|Any CPU
		{245E07F6-10D5-4CFA-B003-0DEB06B223DA}.Debug Without GemBox|Any CPU.ActiveCfg = Debug|Any CPU
		{245E07F6-10D5-4CFA-B003-0DEB06B223DA}.Debug Without GemBox|Any CPU.Build.0 = Debug|Any CPU
		{245E07F6-10D5-4CFA-B003-0DEB06B223DA}.Debug Without GemBox|Mixed Platforms.ActiveCfg = Debug|Any CPU
		{245E07F6-10D5-4CFA-B003-0DEB06B223DA}.Debug Without GemBox|Mixed Platforms.Build.0 = Debug|Any CPU
		{245E07F6-10D5-4CFA-B003-0DEB06B223DA}.Debug Without GemBox|x86.ActiveCfg = Debug|Any CPU
		{245E07F6-10D5-4CFA-B003-0DEB06B223DA}.Debug Without GemBox|x86.Build.0 = Debug|Any CPU
		{245E07F6-10D5-4CFA-B003-0DEB06B223DA}.Debug|Any CPU.ActiveCfg = Debug|Any CPU
		{245E07F6-10D5-4CFA-B003-0DEB06B223DA}.Debug|Any CPU.Build.0 = Debug|Any CPU
		{245E07F6-10D5-4CFA-B003-0DEB06B223DA}.Debug|Mixed Platforms.ActiveCfg = Debug|Any CPU
		{245E07F6-10D5-4CFA-B003-0DEB06B223DA}.Debug|x86.ActiveCfg = Debug|Any CPU
		{245E07F6-10D5-4CFA-B003-0DEB06B223DA}.Debug|x86.Build.0 = Debug|Any CPU
		{245E07F6-10D5-4CFA-B003-0DEB06B223DA}.Release|Any CPU.ActiveCfg = Release|Any CPU
		{245E07F6-10D5-4CFA-B003-0DEB06B223DA}.Release|Any CPU.Build.0 = Release|Any CPU
		{245E07F6-10D5-4CFA-B003-0DEB06B223DA}.Release|Mixed Platforms.ActiveCfg = Release|Any CPU
		{245E07F6-10D5-4CFA-B003-0DEB06B223DA}.Release|Mixed Platforms.Build.0 = Release|Any CPU
		{245E07F6-10D5-4CFA-B003-0DEB06B223DA}.Release|x86.ActiveCfg = Release|Any CPU
		{245E07F6-10D5-4CFA-B003-0DEB06B223DA}.Release|x86.Build.0 = Release|Any CPU
		{4ED4FDB5-9FD0-49E6-876D-1635F727C755}.Azure Pipelines|Any CPU.ActiveCfg = Release|Any CPU
		{4ED4FDB5-9FD0-49E6-876D-1635F727C755}.Azure Pipelines|Any CPU.Build.0 = Release|Any CPU
		{4ED4FDB5-9FD0-49E6-876D-1635F727C755}.Azure Pipelines|Mixed Platforms.ActiveCfg = Release|Any CPU
		{4ED4FDB5-9FD0-49E6-876D-1635F727C755}.Azure Pipelines|Mixed Platforms.Build.0 = Release|Any CPU
		{4ED4FDB5-9FD0-49E6-876D-1635F727C755}.Azure Pipelines|x86.ActiveCfg = Release|Any CPU
		{4ED4FDB5-9FD0-49E6-876D-1635F727C755}.Azure Pipelines|x86.Build.0 = Release|Any CPU
		{4ED4FDB5-9FD0-49E6-876D-1635F727C755}.Debug Without GemBox|Any CPU.ActiveCfg = Debug|Any CPU
		{4ED4FDB5-9FD0-49E6-876D-1635F727C755}.Debug Without GemBox|Any CPU.Build.0 = Debug|Any CPU
		{4ED4FDB5-9FD0-49E6-876D-1635F727C755}.Debug Without GemBox|Mixed Platforms.ActiveCfg = Debug|Any CPU
		{4ED4FDB5-9FD0-49E6-876D-1635F727C755}.Debug Without GemBox|Mixed Platforms.Build.0 = Debug|Any CPU
		{4ED4FDB5-9FD0-49E6-876D-1635F727C755}.Debug Without GemBox|x86.ActiveCfg = Debug|Any CPU
		{4ED4FDB5-9FD0-49E6-876D-1635F727C755}.Debug Without GemBox|x86.Build.0 = Debug|Any CPU
		{4ED4FDB5-9FD0-49E6-876D-1635F727C755}.Debug|Any CPU.ActiveCfg = Debug|Any CPU
		{4ED4FDB5-9FD0-49E6-876D-1635F727C755}.Debug|Any CPU.Build.0 = Debug|Any CPU
		{4ED4FDB5-9FD0-49E6-876D-1635F727C755}.Debug|Mixed Platforms.ActiveCfg = Debug|Any CPU
		{4ED4FDB5-9FD0-49E6-876D-1635F727C755}.Debug|x86.ActiveCfg = Debug|Any CPU
		{4ED4FDB5-9FD0-49E6-876D-1635F727C755}.Debug|x86.Build.0 = Debug|Any CPU
		{4ED4FDB5-9FD0-49E6-876D-1635F727C755}.Release|Any CPU.ActiveCfg = Release|Any CPU
		{4ED4FDB5-9FD0-49E6-876D-1635F727C755}.Release|Any CPU.Build.0 = Release|Any CPU
		{4ED4FDB5-9FD0-49E6-876D-1635F727C755}.Release|Mixed Platforms.ActiveCfg = Release|Any CPU
		{4ED4FDB5-9FD0-49E6-876D-1635F727C755}.Release|Mixed Platforms.Build.0 = Release|Any CPU
		{4ED4FDB5-9FD0-49E6-876D-1635F727C755}.Release|x86.ActiveCfg = Release|Any CPU
		{4ED4FDB5-9FD0-49E6-876D-1635F727C755}.Release|x86.Build.0 = Release|Any CPU
		{719F0F69-66DA-438D-B5BB-2D883EF4ACE2}.Azure Pipelines|Any CPU.ActiveCfg = Release|Any CPU
		{719F0F69-66DA-438D-B5BB-2D883EF4ACE2}.Azure Pipelines|Any CPU.Build.0 = Release|Any CPU
		{719F0F69-66DA-438D-B5BB-2D883EF4ACE2}.Azure Pipelines|Mixed Platforms.ActiveCfg = Release|Any CPU
		{719F0F69-66DA-438D-B5BB-2D883EF4ACE2}.Azure Pipelines|Mixed Platforms.Build.0 = Release|Any CPU
		{719F0F69-66DA-438D-B5BB-2D883EF4ACE2}.Azure Pipelines|x86.ActiveCfg = Release|Any CPU
		{719F0F69-66DA-438D-B5BB-2D883EF4ACE2}.Azure Pipelines|x86.Build.0 = Release|Any CPU
		{719F0F69-66DA-438D-B5BB-2D883EF4ACE2}.Debug Without GemBox|Any CPU.ActiveCfg = Debug|Any CPU
		{719F0F69-66DA-438D-B5BB-2D883EF4ACE2}.Debug Without GemBox|Any CPU.Build.0 = Debug|Any CPU
		{719F0F69-66DA-438D-B5BB-2D883EF4ACE2}.Debug Without GemBox|Mixed Platforms.ActiveCfg = Debug|Any CPU
		{719F0F69-66DA-438D-B5BB-2D883EF4ACE2}.Debug Without GemBox|Mixed Platforms.Build.0 = Debug|Any CPU
		{719F0F69-66DA-438D-B5BB-2D883EF4ACE2}.Debug Without GemBox|x86.ActiveCfg = Debug|Any CPU
		{719F0F69-66DA-438D-B5BB-2D883EF4ACE2}.Debug Without GemBox|x86.Build.0 = Debug|Any CPU
		{719F0F69-66DA-438D-B5BB-2D883EF4ACE2}.Debug|Any CPU.ActiveCfg = Debug|Any CPU
		{719F0F69-66DA-438D-B5BB-2D883EF4ACE2}.Debug|Any CPU.Build.0 = Debug|Any CPU
		{719F0F69-66DA-438D-B5BB-2D883EF4ACE2}.Debug|Mixed Platforms.ActiveCfg = Debug|Any CPU
		{719F0F69-66DA-438D-B5BB-2D883EF4ACE2}.Debug|x86.ActiveCfg = Debug|Any CPU
		{719F0F69-66DA-438D-B5BB-2D883EF4ACE2}.Debug|x86.Build.0 = Debug|Any CPU
		{719F0F69-66DA-438D-B5BB-2D883EF4ACE2}.Release|Any CPU.ActiveCfg = Release|Any CPU
		{719F0F69-66DA-438D-B5BB-2D883EF4ACE2}.Release|Any CPU.Build.0 = Release|Any CPU
		{719F0F69-66DA-438D-B5BB-2D883EF4ACE2}.Release|Mixed Platforms.ActiveCfg = Release|Any CPU
		{719F0F69-66DA-438D-B5BB-2D883EF4ACE2}.Release|Mixed Platforms.Build.0 = Release|Any CPU
		{719F0F69-66DA-438D-B5BB-2D883EF4ACE2}.Release|x86.ActiveCfg = Release|Any CPU
		{719F0F69-66DA-438D-B5BB-2D883EF4ACE2}.Release|x86.Build.0 = Release|Any CPU
		{01B09009-BD30-47F2-B318-4B583D606C61}.Azure Pipelines|Any CPU.ActiveCfg = Release|Any CPU
		{01B09009-BD30-47F2-B318-4B583D606C61}.Azure Pipelines|Any CPU.Build.0 = Release|Any CPU
		{01B09009-BD30-47F2-B318-4B583D606C61}.Azure Pipelines|Mixed Platforms.ActiveCfg = Release|Any CPU
		{01B09009-BD30-47F2-B318-4B583D606C61}.Azure Pipelines|Mixed Platforms.Build.0 = Release|Any CPU
		{01B09009-BD30-47F2-B318-4B583D606C61}.Azure Pipelines|x86.ActiveCfg = Release|Any CPU
		{01B09009-BD30-47F2-B318-4B583D606C61}.Azure Pipelines|x86.Build.0 = Release|Any CPU
		{01B09009-BD30-47F2-B318-4B583D606C61}.Debug Without GemBox|Any CPU.ActiveCfg = Debug|Any CPU
		{01B09009-BD30-47F2-B318-4B583D606C61}.Debug Without GemBox|Any CPU.Build.0 = Debug|Any CPU
		{01B09009-BD30-47F2-B318-4B583D606C61}.Debug Without GemBox|Mixed Platforms.ActiveCfg = Debug|Any CPU
		{01B09009-BD30-47F2-B318-4B583D606C61}.Debug Without GemBox|Mixed Platforms.Build.0 = Debug|Any CPU
		{01B09009-BD30-47F2-B318-4B583D606C61}.Debug Without GemBox|x86.ActiveCfg = Debug|Any CPU
		{01B09009-BD30-47F2-B318-4B583D606C61}.Debug Without GemBox|x86.Build.0 = Debug|Any CPU
		{01B09009-BD30-47F2-B318-4B583D606C61}.Debug|Any CPU.ActiveCfg = Debug|Any CPU
		{01B09009-BD30-47F2-B318-4B583D606C61}.Debug|Any CPU.Build.0 = Debug|Any CPU
		{01B09009-BD30-47F2-B318-4B583D606C61}.Debug|Mixed Platforms.ActiveCfg = Debug|Any CPU
		{01B09009-BD30-47F2-B318-4B583D606C61}.Debug|Mixed Platforms.Build.0 = Debug|Any CPU
		{01B09009-BD30-47F2-B318-4B583D606C61}.Debug|x86.ActiveCfg = Debug|Any CPU
		{01B09009-BD30-47F2-B318-4B583D606C61}.Debug|x86.Build.0 = Debug|Any CPU
		{01B09009-BD30-47F2-B318-4B583D606C61}.Release|Any CPU.ActiveCfg = Release|Any CPU
		{01B09009-BD30-47F2-B318-4B583D606C61}.Release|Any CPU.Build.0 = Release|Any CPU
		{01B09009-BD30-47F2-B318-4B583D606C61}.Release|Mixed Platforms.ActiveCfg = Release|Any CPU
		{01B09009-BD30-47F2-B318-4B583D606C61}.Release|Mixed Platforms.Build.0 = Release|Any CPU
		{01B09009-BD30-47F2-B318-4B583D606C61}.Release|x86.ActiveCfg = Release|Any CPU
		{01B09009-BD30-47F2-B318-4B583D606C61}.Release|x86.Build.0 = Release|Any CPU
		{2EF6DD60-E690-4E65-AD06-B3041C0ACDD2}.Azure Pipelines|Any CPU.ActiveCfg = Release|Any CPU
		{2EF6DD60-E690-4E65-AD06-B3041C0ACDD2}.Azure Pipelines|Any CPU.Build.0 = Release|Any CPU
		{2EF6DD60-E690-4E65-AD06-B3041C0ACDD2}.Azure Pipelines|Mixed Platforms.ActiveCfg = Release|Any CPU
		{2EF6DD60-E690-4E65-AD06-B3041C0ACDD2}.Azure Pipelines|Mixed Platforms.Build.0 = Release|Any CPU
		{2EF6DD60-E690-4E65-AD06-B3041C0ACDD2}.Azure Pipelines|x86.ActiveCfg = Release|Any CPU
		{2EF6DD60-E690-4E65-AD06-B3041C0ACDD2}.Azure Pipelines|x86.Build.0 = Release|Any CPU
		{2EF6DD60-E690-4E65-AD06-B3041C0ACDD2}.Debug Without GemBox|Any CPU.ActiveCfg = Debug|Any CPU
		{2EF6DD60-E690-4E65-AD06-B3041C0ACDD2}.Debug Without GemBox|Any CPU.Build.0 = Debug|Any CPU
		{2EF6DD60-E690-4E65-AD06-B3041C0ACDD2}.Debug Without GemBox|Mixed Platforms.ActiveCfg = Debug|Any CPU
		{2EF6DD60-E690-4E65-AD06-B3041C0ACDD2}.Debug Without GemBox|Mixed Platforms.Build.0 = Debug|Any CPU
		{2EF6DD60-E690-4E65-AD06-B3041C0ACDD2}.Debug Without GemBox|x86.ActiveCfg = Debug|Any CPU
		{2EF6DD60-E690-4E65-AD06-B3041C0ACDD2}.Debug Without GemBox|x86.Build.0 = Debug|Any CPU
		{2EF6DD60-E690-4E65-AD06-B3041C0ACDD2}.Debug|Any CPU.ActiveCfg = Debug|Any CPU
		{2EF6DD60-E690-4E65-AD06-B3041C0ACDD2}.Debug|Any CPU.Build.0 = Debug|Any CPU
		{2EF6DD60-E690-4E65-AD06-B3041C0ACDD2}.Debug|Mixed Platforms.ActiveCfg = Debug|Any CPU
		{2EF6DD60-E690-4E65-AD06-B3041C0ACDD2}.Debug|x86.ActiveCfg = Debug|Any CPU
		{2EF6DD60-E690-4E65-AD06-B3041C0ACDD2}.Debug|x86.Build.0 = Debug|Any CPU
		{2EF6DD60-E690-4E65-AD06-B3041C0ACDD2}.Release|Any CPU.ActiveCfg = Release|Any CPU
		{2EF6DD60-E690-4E65-AD06-B3041C0ACDD2}.Release|Any CPU.Build.0 = Release|Any CPU
		{2EF6DD60-E690-4E65-AD06-B3041C0ACDD2}.Release|Mixed Platforms.ActiveCfg = Release|Any CPU
		{2EF6DD60-E690-4E65-AD06-B3041C0ACDD2}.Release|Mixed Platforms.Build.0 = Release|Any CPU
		{2EF6DD60-E690-4E65-AD06-B3041C0ACDD2}.Release|x86.ActiveCfg = Release|Any CPU
		{2EF6DD60-E690-4E65-AD06-B3041C0ACDD2}.Release|x86.Build.0 = Release|Any CPU
		{4B0F335C-88AD-4884-B286-0107D24D246B}.Azure Pipelines|Any CPU.ActiveCfg = Release|Any CPU
		{4B0F335C-88AD-4884-B286-0107D24D246B}.Azure Pipelines|Any CPU.Build.0 = Release|Any CPU
		{4B0F335C-88AD-4884-B286-0107D24D246B}.Azure Pipelines|Mixed Platforms.ActiveCfg = Release|Any CPU
		{4B0F335C-88AD-4884-B286-0107D24D246B}.Azure Pipelines|Mixed Platforms.Build.0 = Release|Any CPU
		{4B0F335C-88AD-4884-B286-0107D24D246B}.Azure Pipelines|x86.ActiveCfg = Release|Any CPU
		{4B0F335C-88AD-4884-B286-0107D24D246B}.Azure Pipelines|x86.Build.0 = Release|Any CPU
		{4B0F335C-88AD-4884-B286-0107D24D246B}.Debug Without GemBox|Any CPU.ActiveCfg = Debug|Any CPU
		{4B0F335C-88AD-4884-B286-0107D24D246B}.Debug Without GemBox|Any CPU.Build.0 = Debug|Any CPU
		{4B0F335C-88AD-4884-B286-0107D24D246B}.Debug Without GemBox|Mixed Platforms.ActiveCfg = Debug|Any CPU
		{4B0F335C-88AD-4884-B286-0107D24D246B}.Debug Without GemBox|Mixed Platforms.Build.0 = Debug|Any CPU
		{4B0F335C-88AD-4884-B286-0107D24D246B}.Debug Without GemBox|x86.ActiveCfg = Debug|Any CPU
		{4B0F335C-88AD-4884-B286-0107D24D246B}.Debug Without GemBox|x86.Build.0 = Debug|Any CPU
		{4B0F335C-88AD-4884-B286-0107D24D246B}.Debug|Any CPU.ActiveCfg = Debug|Any CPU
		{4B0F335C-88AD-4884-B286-0107D24D246B}.Debug|Any CPU.Build.0 = Debug|Any CPU
		{4B0F335C-88AD-4884-B286-0107D24D246B}.Debug|Mixed Platforms.ActiveCfg = Debug|Any CPU
		{4B0F335C-88AD-4884-B286-0107D24D246B}.Debug|x86.ActiveCfg = Debug|Any CPU
		{4B0F335C-88AD-4884-B286-0107D24D246B}.Debug|x86.Build.0 = Debug|Any CPU
		{4B0F335C-88AD-4884-B286-0107D24D246B}.Release|Any CPU.ActiveCfg = Release|Any CPU
		{4B0F335C-88AD-4884-B286-0107D24D246B}.Release|Any CPU.Build.0 = Release|Any CPU
		{4B0F335C-88AD-4884-B286-0107D24D246B}.Release|Mixed Platforms.ActiveCfg = Release|Any CPU
		{4B0F335C-88AD-4884-B286-0107D24D246B}.Release|Mixed Platforms.Build.0 = Release|Any CPU
		{4B0F335C-88AD-4884-B286-0107D24D246B}.Release|x86.ActiveCfg = Release|Any CPU
		{4B0F335C-88AD-4884-B286-0107D24D246B}.Release|x86.Build.0 = Release|Any CPU
		{6C17B7EB-B55B-4878-8EB1-5AA6942FB50F}.Azure Pipelines|Any CPU.ActiveCfg = Release|Any CPU
		{6C17B7EB-B55B-4878-8EB1-5AA6942FB50F}.Azure Pipelines|Any CPU.Build.0 = Release|Any CPU
		{6C17B7EB-B55B-4878-8EB1-5AA6942FB50F}.Azure Pipelines|Mixed Platforms.ActiveCfg = Release|Any CPU
		{6C17B7EB-B55B-4878-8EB1-5AA6942FB50F}.Azure Pipelines|Mixed Platforms.Build.0 = Release|Any CPU
		{6C17B7EB-B55B-4878-8EB1-5AA6942FB50F}.Azure Pipelines|x86.ActiveCfg = Release|Any CPU
		{6C17B7EB-B55B-4878-8EB1-5AA6942FB50F}.Azure Pipelines|x86.Build.0 = Release|Any CPU
		{6C17B7EB-B55B-4878-8EB1-5AA6942FB50F}.Debug Without GemBox|Any CPU.ActiveCfg = Debug|Any CPU
		{6C17B7EB-B55B-4878-8EB1-5AA6942FB50F}.Debug Without GemBox|Any CPU.Build.0 = Debug|Any CPU
		{6C17B7EB-B55B-4878-8EB1-5AA6942FB50F}.Debug Without GemBox|Mixed Platforms.ActiveCfg = Debug|Any CPU
		{6C17B7EB-B55B-4878-8EB1-5AA6942FB50F}.Debug Without GemBox|Mixed Platforms.Build.0 = Debug|Any CPU
		{6C17B7EB-B55B-4878-8EB1-5AA6942FB50F}.Debug Without GemBox|x86.ActiveCfg = Debug|Any CPU
		{6C17B7EB-B55B-4878-8EB1-5AA6942FB50F}.Debug Without GemBox|x86.Build.0 = Debug|Any CPU
		{6C17B7EB-B55B-4878-8EB1-5AA6942FB50F}.Debug|Any CPU.ActiveCfg = Debug|Any CPU
		{6C17B7EB-B55B-4878-8EB1-5AA6942FB50F}.Debug|Any CPU.Build.0 = Debug|Any CPU
		{6C17B7EB-B55B-4878-8EB1-5AA6942FB50F}.Debug|Mixed Platforms.ActiveCfg = Debug|Any CPU
		{6C17B7EB-B55B-4878-8EB1-5AA6942FB50F}.Debug|x86.ActiveCfg = Debug|Any CPU
		{6C17B7EB-B55B-4878-8EB1-5AA6942FB50F}.Debug|x86.Build.0 = Debug|Any CPU
		{6C17B7EB-B55B-4878-8EB1-5AA6942FB50F}.Release|Any CPU.ActiveCfg = Release|Any CPU
		{6C17B7EB-B55B-4878-8EB1-5AA6942FB50F}.Release|Any CPU.Build.0 = Release|Any CPU
		{6C17B7EB-B55B-4878-8EB1-5AA6942FB50F}.Release|Mixed Platforms.ActiveCfg = Release|Any CPU
		{6C17B7EB-B55B-4878-8EB1-5AA6942FB50F}.Release|Mixed Platforms.Build.0 = Release|Any CPU
		{6C17B7EB-B55B-4878-8EB1-5AA6942FB50F}.Release|x86.ActiveCfg = Release|Any CPU
		{6C17B7EB-B55B-4878-8EB1-5AA6942FB50F}.Release|x86.Build.0 = Release|Any CPU
		{007D4AC8-948F-4816-86AD-B9D1343672C1}.Azure Pipelines|Any CPU.ActiveCfg = Release|Any CPU
		{007D4AC8-948F-4816-86AD-B9D1343672C1}.Azure Pipelines|Any CPU.Build.0 = Release|Any CPU
		{007D4AC8-948F-4816-86AD-B9D1343672C1}.Azure Pipelines|Mixed Platforms.ActiveCfg = Release|Any CPU
		{007D4AC8-948F-4816-86AD-B9D1343672C1}.Azure Pipelines|Mixed Platforms.Build.0 = Release|Any CPU
		{007D4AC8-948F-4816-86AD-B9D1343672C1}.Azure Pipelines|x86.ActiveCfg = Release|Any CPU
		{007D4AC8-948F-4816-86AD-B9D1343672C1}.Azure Pipelines|x86.Build.0 = Release|Any CPU
		{007D4AC8-948F-4816-86AD-B9D1343672C1}.Debug Without GemBox|Any CPU.ActiveCfg = Debug|Any CPU
		{007D4AC8-948F-4816-86AD-B9D1343672C1}.Debug Without GemBox|Any CPU.Build.0 = Debug|Any CPU
		{007D4AC8-948F-4816-86AD-B9D1343672C1}.Debug Without GemBox|Mixed Platforms.ActiveCfg = Debug|Any CPU
		{007D4AC8-948F-4816-86AD-B9D1343672C1}.Debug Without GemBox|Mixed Platforms.Build.0 = Debug|Any CPU
		{007D4AC8-948F-4816-86AD-B9D1343672C1}.Debug Without GemBox|x86.ActiveCfg = Debug|Any CPU
		{007D4AC8-948F-4816-86AD-B9D1343672C1}.Debug Without GemBox|x86.Build.0 = Debug|Any CPU
		{007D4AC8-948F-4816-86AD-B9D1343672C1}.Debug|Any CPU.ActiveCfg = Debug|Any CPU
		{007D4AC8-948F-4816-86AD-B9D1343672C1}.Debug|Any CPU.Build.0 = Debug|Any CPU
		{007D4AC8-948F-4816-86AD-B9D1343672C1}.Debug|Mixed Platforms.ActiveCfg = Debug|Any CPU
		{007D4AC8-948F-4816-86AD-B9D1343672C1}.Debug|x86.ActiveCfg = Debug|Any CPU
		{007D4AC8-948F-4816-86AD-B9D1343672C1}.Debug|x86.Build.0 = Debug|Any CPU
		{007D4AC8-948F-4816-86AD-B9D1343672C1}.Release|Any CPU.ActiveCfg = Release|Any CPU
		{007D4AC8-948F-4816-86AD-B9D1343672C1}.Release|Any CPU.Build.0 = Release|Any CPU
		{007D4AC8-948F-4816-86AD-B9D1343672C1}.Release|Mixed Platforms.ActiveCfg = Release|Any CPU
		{007D4AC8-948F-4816-86AD-B9D1343672C1}.Release|Mixed Platforms.Build.0 = Release|Any CPU
		{007D4AC8-948F-4816-86AD-B9D1343672C1}.Release|x86.ActiveCfg = Release|Any CPU
		{007D4AC8-948F-4816-86AD-B9D1343672C1}.Release|x86.Build.0 = Release|Any CPU
		{B51EC09A-F8BE-4B5A-BD07-0F4489075A00}.Azure Pipelines|Any CPU.ActiveCfg = Release|Any CPU
		{B51EC09A-F8BE-4B5A-BD07-0F4489075A00}.Azure Pipelines|Any CPU.Build.0 = Release|Any CPU
		{B51EC09A-F8BE-4B5A-BD07-0F4489075A00}.Azure Pipelines|Mixed Platforms.ActiveCfg = Release|Any CPU
		{B51EC09A-F8BE-4B5A-BD07-0F4489075A00}.Azure Pipelines|Mixed Platforms.Build.0 = Release|Any CPU
		{B51EC09A-F8BE-4B5A-BD07-0F4489075A00}.Azure Pipelines|x86.ActiveCfg = Release|Any CPU
		{B51EC09A-F8BE-4B5A-BD07-0F4489075A00}.Azure Pipelines|x86.Build.0 = Release|Any CPU
		{B51EC09A-F8BE-4B5A-BD07-0F4489075A00}.Debug Without GemBox|Any CPU.ActiveCfg = Debug|Any CPU
		{B51EC09A-F8BE-4B5A-BD07-0F4489075A00}.Debug Without GemBox|Any CPU.Build.0 = Debug|Any CPU
		{B51EC09A-F8BE-4B5A-BD07-0F4489075A00}.Debug Without GemBox|Mixed Platforms.ActiveCfg = Debug|Any CPU
		{B51EC09A-F8BE-4B5A-BD07-0F4489075A00}.Debug Without GemBox|Mixed Platforms.Build.0 = Debug|Any CPU
		{B51EC09A-F8BE-4B5A-BD07-0F4489075A00}.Debug Without GemBox|x86.ActiveCfg = Debug|Any CPU
		{B51EC09A-F8BE-4B5A-BD07-0F4489075A00}.Debug Without GemBox|x86.Build.0 = Debug|Any CPU
		{B51EC09A-F8BE-4B5A-BD07-0F4489075A00}.Debug|Any CPU.ActiveCfg = Debug|Any CPU
		{B51EC09A-F8BE-4B5A-BD07-0F4489075A00}.Debug|Any CPU.Build.0 = Debug|Any CPU
		{B51EC09A-F8BE-4B5A-BD07-0F4489075A00}.Debug|Mixed Platforms.ActiveCfg = Debug|Any CPU
		{B51EC09A-F8BE-4B5A-BD07-0F4489075A00}.Debug|x86.ActiveCfg = Debug|Any CPU
		{B51EC09A-F8BE-4B5A-BD07-0F4489075A00}.Debug|x86.Build.0 = Debug|Any CPU
		{B51EC09A-F8BE-4B5A-BD07-0F4489075A00}.Release|Any CPU.ActiveCfg = Release|Any CPU
		{B51EC09A-F8BE-4B5A-BD07-0F4489075A00}.Release|Any CPU.Build.0 = Release|Any CPU
		{B51EC09A-F8BE-4B5A-BD07-0F4489075A00}.Release|Mixed Platforms.ActiveCfg = Release|Any CPU
		{B51EC09A-F8BE-4B5A-BD07-0F4489075A00}.Release|Mixed Platforms.Build.0 = Release|Any CPU
		{B51EC09A-F8BE-4B5A-BD07-0F4489075A00}.Release|x86.ActiveCfg = Release|Any CPU
		{B51EC09A-F8BE-4B5A-BD07-0F4489075A00}.Release|x86.Build.0 = Release|Any CPU
		{2DA068AE-5B32-46B4-864D-0D8507A6D981}.Azure Pipelines|Any CPU.ActiveCfg = Release|Any CPU
		{2DA068AE-5B32-46B4-864D-0D8507A6D981}.Azure Pipelines|Any CPU.Build.0 = Release|Any CPU
		{2DA068AE-5B32-46B4-864D-0D8507A6D981}.Azure Pipelines|Mixed Platforms.ActiveCfg = Release|Any CPU
		{2DA068AE-5B32-46B4-864D-0D8507A6D981}.Azure Pipelines|Mixed Platforms.Build.0 = Release|Any CPU
		{2DA068AE-5B32-46B4-864D-0D8507A6D981}.Azure Pipelines|x86.ActiveCfg = Release|Any CPU
		{2DA068AE-5B32-46B4-864D-0D8507A6D981}.Azure Pipelines|x86.Build.0 = Release|Any CPU
		{2DA068AE-5B32-46B4-864D-0D8507A6D981}.Debug Without GemBox|Any CPU.ActiveCfg = Debug Without GemBox|Any CPU
		{2DA068AE-5B32-46B4-864D-0D8507A6D981}.Debug Without GemBox|Any CPU.Build.0 = Debug Without GemBox|Any CPU
		{2DA068AE-5B32-46B4-864D-0D8507A6D981}.Debug Without GemBox|Mixed Platforms.ActiveCfg = Debug Without GemBox|Any CPU
		{2DA068AE-5B32-46B4-864D-0D8507A6D981}.Debug Without GemBox|Mixed Platforms.Build.0 = Debug Without GemBox|Any CPU
		{2DA068AE-5B32-46B4-864D-0D8507A6D981}.Debug Without GemBox|x86.ActiveCfg = Debug Without GemBox|Any CPU
		{2DA068AE-5B32-46B4-864D-0D8507A6D981}.Debug Without GemBox|x86.Build.0 = Debug Without GemBox|Any CPU
		{2DA068AE-5B32-46B4-864D-0D8507A6D981}.Debug|Any CPU.ActiveCfg = Debug|Any CPU
		{2DA068AE-5B32-46B4-864D-0D8507A6D981}.Debug|Any CPU.Build.0 = Debug|Any CPU
		{2DA068AE-5B32-46B4-864D-0D8507A6D981}.Debug|Mixed Platforms.ActiveCfg = Debug|Any CPU
		{2DA068AE-5B32-46B4-864D-0D8507A6D981}.Debug|Mixed Platforms.Build.0 = Debug|Any CPU
		{2DA068AE-5B32-46B4-864D-0D8507A6D981}.Debug|x86.ActiveCfg = Debug|Any CPU
		{2DA068AE-5B32-46B4-864D-0D8507A6D981}.Debug|x86.Build.0 = Debug|Any CPU
		{2DA068AE-5B32-46B4-864D-0D8507A6D981}.Release|Any CPU.ActiveCfg = Release|Any CPU
		{2DA068AE-5B32-46B4-864D-0D8507A6D981}.Release|Any CPU.Build.0 = Release|Any CPU
		{2DA068AE-5B32-46B4-864D-0D8507A6D981}.Release|Mixed Platforms.ActiveCfg = Release|Any CPU
		{2DA068AE-5B32-46B4-864D-0D8507A6D981}.Release|Mixed Platforms.Build.0 = Release|Any CPU
		{2DA068AE-5B32-46B4-864D-0D8507A6D981}.Release|x86.ActiveCfg = Release|Any CPU
		{2DA068AE-5B32-46B4-864D-0D8507A6D981}.Release|x86.Build.0 = Release|Any CPU
		{DCD36CE2-F839-4C49-B765-4FD2B00F134D}.Azure Pipelines|Any CPU.ActiveCfg = Release|Any CPU
		{DCD36CE2-F839-4C49-B765-4FD2B00F134D}.Azure Pipelines|Any CPU.Build.0 = Release|Any CPU
		{DCD36CE2-F839-4C49-B765-4FD2B00F134D}.Azure Pipelines|Mixed Platforms.ActiveCfg = Release|Any CPU
		{DCD36CE2-F839-4C49-B765-4FD2B00F134D}.Azure Pipelines|Mixed Platforms.Build.0 = Release|Any CPU
		{DCD36CE2-F839-4C49-B765-4FD2B00F134D}.Azure Pipelines|x86.ActiveCfg = Release|Any CPU
		{DCD36CE2-F839-4C49-B765-4FD2B00F134D}.Azure Pipelines|x86.Build.0 = Release|Any CPU
		{DCD36CE2-F839-4C49-B765-4FD2B00F134D}.Debug Without GemBox|Any CPU.ActiveCfg = Debug|Any CPU
		{DCD36CE2-F839-4C49-B765-4FD2B00F134D}.Debug Without GemBox|Any CPU.Build.0 = Debug|Any CPU
		{DCD36CE2-F839-4C49-B765-4FD2B00F134D}.Debug Without GemBox|Mixed Platforms.ActiveCfg = Debug|Any CPU
		{DCD36CE2-F839-4C49-B765-4FD2B00F134D}.Debug Without GemBox|Mixed Platforms.Build.0 = Debug|Any CPU
		{DCD36CE2-F839-4C49-B765-4FD2B00F134D}.Debug Without GemBox|x86.ActiveCfg = Debug|Any CPU
		{DCD36CE2-F839-4C49-B765-4FD2B00F134D}.Debug Without GemBox|x86.Build.0 = Debug|Any CPU
		{DCD36CE2-F839-4C49-B765-4FD2B00F134D}.Debug|Any CPU.ActiveCfg = Debug|Any CPU
		{DCD36CE2-F839-4C49-B765-4FD2B00F134D}.Debug|Any CPU.Build.0 = Debug|Any CPU
		{DCD36CE2-F839-4C49-B765-4FD2B00F134D}.Debug|Mixed Platforms.ActiveCfg = Debug|Any CPU
		{DCD36CE2-F839-4C49-B765-4FD2B00F134D}.Debug|Mixed Platforms.Build.0 = Debug|Any CPU
		{DCD36CE2-F839-4C49-B765-4FD2B00F134D}.Debug|x86.ActiveCfg = Debug|Any CPU
		{DCD36CE2-F839-4C49-B765-4FD2B00F134D}.Debug|x86.Build.0 = Debug|Any CPU
		{DCD36CE2-F839-4C49-B765-4FD2B00F134D}.Release|Any CPU.ActiveCfg = Release|Any CPU
		{DCD36CE2-F839-4C49-B765-4FD2B00F134D}.Release|Any CPU.Build.0 = Release|Any CPU
		{DCD36CE2-F839-4C49-B765-4FD2B00F134D}.Release|Mixed Platforms.ActiveCfg = Release|Any CPU
		{DCD36CE2-F839-4C49-B765-4FD2B00F134D}.Release|Mixed Platforms.Build.0 = Release|Any CPU
		{DCD36CE2-F839-4C49-B765-4FD2B00F134D}.Release|x86.ActiveCfg = Release|Any CPU
		{DCD36CE2-F839-4C49-B765-4FD2B00F134D}.Release|x86.Build.0 = Release|Any CPU
		{E047E333-0237-4FD9-B80A-1757D706630F}.Azure Pipelines|Any CPU.ActiveCfg = Azure Pipelines|Any CPU
		{E047E333-0237-4FD9-B80A-1757D706630F}.Azure Pipelines|Any CPU.Build.0 = Azure Pipelines|Any CPU
		{E047E333-0237-4FD9-B80A-1757D706630F}.Azure Pipelines|Mixed Platforms.ActiveCfg = Azure Pipelines|Any CPU
		{E047E333-0237-4FD9-B80A-1757D706630F}.Azure Pipelines|Mixed Platforms.Build.0 = Azure Pipelines|Any CPU
		{E047E333-0237-4FD9-B80A-1757D706630F}.Azure Pipelines|x86.ActiveCfg = Azure Pipelines|Any CPU
		{E047E333-0237-4FD9-B80A-1757D706630F}.Azure Pipelines|x86.Build.0 = Azure Pipelines|Any CPU
		{E047E333-0237-4FD9-B80A-1757D706630F}.Debug Without GemBox|Any CPU.ActiveCfg = Debug|Any CPU
		{E047E333-0237-4FD9-B80A-1757D706630F}.Debug Without GemBox|Any CPU.Build.0 = Debug|Any CPU
		{E047E333-0237-4FD9-B80A-1757D706630F}.Debug Without GemBox|Mixed Platforms.ActiveCfg = Debug|Any CPU
		{E047E333-0237-4FD9-B80A-1757D706630F}.Debug Without GemBox|Mixed Platforms.Build.0 = Debug|Any CPU
		{E047E333-0237-4FD9-B80A-1757D706630F}.Debug Without GemBox|x86.ActiveCfg = Debug|Any CPU
		{E047E333-0237-4FD9-B80A-1757D706630F}.Debug Without GemBox|x86.Build.0 = Debug|Any CPU
		{E047E333-0237-4FD9-B80A-1757D706630F}.Debug|Any CPU.ActiveCfg = Debug|Any CPU
		{E047E333-0237-4FD9-B80A-1757D706630F}.Debug|Any CPU.Build.0 = Debug|Any CPU
		{E047E333-0237-4FD9-B80A-1757D706630F}.Debug|Mixed Platforms.ActiveCfg = Debug|Any CPU
		{E047E333-0237-4FD9-B80A-1757D706630F}.Debug|Mixed Platforms.Build.0 = Debug|Any CPU
		{E047E333-0237-4FD9-B80A-1757D706630F}.Debug|x86.ActiveCfg = Debug|Any CPU
		{E047E333-0237-4FD9-B80A-1757D706630F}.Debug|x86.Build.0 = Debug|Any CPU
		{E047E333-0237-4FD9-B80A-1757D706630F}.Release|Any CPU.ActiveCfg = Release|Any CPU
		{E047E333-0237-4FD9-B80A-1757D706630F}.Release|Any CPU.Build.0 = Release|Any CPU
		{E047E333-0237-4FD9-B80A-1757D706630F}.Release|Mixed Platforms.ActiveCfg = Release|Any CPU
		{E047E333-0237-4FD9-B80A-1757D706630F}.Release|Mixed Platforms.Build.0 = Release|Any CPU
		{E047E333-0237-4FD9-B80A-1757D706630F}.Release|x86.ActiveCfg = Release|Any CPU
		{E047E333-0237-4FD9-B80A-1757D706630F}.Release|x86.Build.0 = Release|Any CPU
		{FE898239-BC5F-4C25-A718-E73A22BF3908}.Azure Pipelines|Any CPU.ActiveCfg = Debug|Any CPU
		{FE898239-BC5F-4C25-A718-E73A22BF3908}.Azure Pipelines|Any CPU.Build.0 = Debug|Any CPU
		{FE898239-BC5F-4C25-A718-E73A22BF3908}.Azure Pipelines|Mixed Platforms.ActiveCfg = Debug|Any CPU
		{FE898239-BC5F-4C25-A718-E73A22BF3908}.Azure Pipelines|Mixed Platforms.Build.0 = Debug|Any CPU
		{FE898239-BC5F-4C25-A718-E73A22BF3908}.Azure Pipelines|x86.ActiveCfg = Debug|Any CPU
		{FE898239-BC5F-4C25-A718-E73A22BF3908}.Azure Pipelines|x86.Build.0 = Debug|Any CPU
		{FE898239-BC5F-4C25-A718-E73A22BF3908}.Debug Without GemBox|Any CPU.ActiveCfg = Debug|Any CPU
		{FE898239-BC5F-4C25-A718-E73A22BF3908}.Debug Without GemBox|Any CPU.Build.0 = Debug|Any CPU
		{FE898239-BC5F-4C25-A718-E73A22BF3908}.Debug Without GemBox|Mixed Platforms.ActiveCfg = Debug|Any CPU
		{FE898239-BC5F-4C25-A718-E73A22BF3908}.Debug Without GemBox|Mixed Platforms.Build.0 = Debug|Any CPU
		{FE898239-BC5F-4C25-A718-E73A22BF3908}.Debug Without GemBox|x86.ActiveCfg = Debug|Any CPU
		{FE898239-BC5F-4C25-A718-E73A22BF3908}.Debug Without GemBox|x86.Build.0 = Debug|Any CPU
		{FE898239-BC5F-4C25-A718-E73A22BF3908}.Debug|Any CPU.ActiveCfg = Debug|Any CPU
		{FE898239-BC5F-4C25-A718-E73A22BF3908}.Debug|Any CPU.Build.0 = Debug|Any CPU
		{FE898239-BC5F-4C25-A718-E73A22BF3908}.Debug|Mixed Platforms.ActiveCfg = Debug|Any CPU
		{FE898239-BC5F-4C25-A718-E73A22BF3908}.Debug|Mixed Platforms.Build.0 = Debug|Any CPU
		{FE898239-BC5F-4C25-A718-E73A22BF3908}.Debug|x86.ActiveCfg = Debug|Any CPU
		{FE898239-BC5F-4C25-A718-E73A22BF3908}.Debug|x86.Build.0 = Debug|Any CPU
		{FE898239-BC5F-4C25-A718-E73A22BF3908}.Release|Any CPU.ActiveCfg = Release|Any CPU
		{FE898239-BC5F-4C25-A718-E73A22BF3908}.Release|Any CPU.Build.0 = Release|Any CPU
		{FE898239-BC5F-4C25-A718-E73A22BF3908}.Release|Mixed Platforms.ActiveCfg = Release|Any CPU
		{FE898239-BC5F-4C25-A718-E73A22BF3908}.Release|Mixed Platforms.Build.0 = Release|Any CPU
		{FE898239-BC5F-4C25-A718-E73A22BF3908}.Release|x86.ActiveCfg = Release|Any CPU
		{FE898239-BC5F-4C25-A718-E73A22BF3908}.Release|x86.Build.0 = Release|Any CPU
	EndGlobalSection
	GlobalSection(SolutionProperties) = preSolution
		HideSolutionNode = FALSE
	EndGlobalSection
	GlobalSection(NestedProjects) = preSolution
		{5BF1E228-F898-40CF-B8FB-8412D8C81CFF} = {1A7814D2-1185-484E-92CC-7DD71DDE6488}
		{693DDB30-8E8E-43E9-AE13-EE2010F46C96} = {1A7814D2-1185-484E-92CC-7DD71DDE6488}
		{C3824C2C-6E2E-4FDE-A2AA-229BBC7C3B1F} = {A3FFFB54-ACB9-41CC-83A8-3A2F87DADD71}
		{EEB5C09F-CEC6-4FB5-87B5-AE61AE89C9EB} = {A3FFFB54-ACB9-41CC-83A8-3A2F87DADD71}
		{5093677C-F49B-4249-BEC1-E117E62255AD} = {DF140E4E-3A3C-48CA-8C9E-9D904C991BE9}
		{A3FFFB54-ACB9-41CC-83A8-3A2F87DADD71} = {DF140E4E-3A3C-48CA-8C9E-9D904C991BE9}
		{2A313862-8D9B-4191-BC2C-015AAFCE295F} = {C9B12FD6-45B1-4F72-8596-B4DE068F4328}
		{11A7B20D-1DC3-4F04-81E5-C912B0017868} = {C9B12FD6-45B1-4F72-8596-B4DE068F4328}
		{92D1C46C-D61E-4D1A-AAEA-530B53B4AD53} = {C9B12FD6-45B1-4F72-8596-B4DE068F4328}
		{932ACA20-4FEF-4B4B-8EFF-9198EA1E6215} = {C9B12FD6-45B1-4F72-8596-B4DE068F4328}
		{DD6AF32E-4585-44A8-8561-D656A53336D3} = {1A7814D2-1185-484E-92CC-7DD71DDE6488}
		{C75532C4-765B-418E-B09B-46D36B2ABDB1} = {2CC56152-1A32-44FE-9520-635B44D36CD5}
		{40793A27-478B-4357-B4C3-FC8943131F3D} = {2CC56152-1A32-44FE-9520-635B44D36CD5}
		{245E07F6-10D5-4CFA-B003-0DEB06B223DA} = {91DA877F-E437-42C9-8FE5-E3709721BB8B}
		{4ED4FDB5-9FD0-49E6-876D-1635F727C755} = {91DA877F-E437-42C9-8FE5-E3709721BB8B}
		{719F0F69-66DA-438D-B5BB-2D883EF4ACE2} = {91DA877F-E437-42C9-8FE5-E3709721BB8B}
		{01B09009-BD30-47F2-B318-4B583D606C61} = {91DA877F-E437-42C9-8FE5-E3709721BB8B}
		{2EF6DD60-E690-4E65-AD06-B3041C0ACDD2} = {0CA1B611-8907-4C9C-93A7-4133E7540B24}
		{4B0F335C-88AD-4884-B286-0107D24D246B} = {0CA1B611-8907-4C9C-93A7-4133E7540B24}
		{6C17B7EB-B55B-4878-8EB1-5AA6942FB50F} = {0CA1B611-8907-4C9C-93A7-4133E7540B24}
		{0CA1B611-8907-4C9C-93A7-4133E7540B24} = {2CC56152-1A32-44FE-9520-635B44D36CD5}
		{007D4AC8-948F-4816-86AD-B9D1343672C1} = {91DA877F-E437-42C9-8FE5-E3709721BB8B}
		{91DA877F-E437-42C9-8FE5-E3709721BB8B} = {2CC56152-1A32-44FE-9520-635B44D36CD5}
		{B51EC09A-F8BE-4B5A-BD07-0F4489075A00} = {91DA877F-E437-42C9-8FE5-E3709721BB8B}
		{2DA068AE-5B32-46B4-864D-0D8507A6D981} = {1A7814D2-1185-484E-92CC-7DD71DDE6488}
		{DCD36CE2-F839-4C49-B765-4FD2B00F134D} = {1A7814D2-1185-484E-92CC-7DD71DDE6488}
		{E047E333-0237-4FD9-B80A-1757D706630F} = {1A7814D2-1185-484E-92CC-7DD71DDE6488}
		{FE898239-BC5F-4C25-A718-E73A22BF3908} = {1A7814D2-1185-484E-92CC-7DD71DDE6488}
	EndGlobalSection
	GlobalSection(ExtensibilityGlobals) = postSolution
		SolutionGuid = {DC9B8990-422B-40EC-B51C-5F63F52A37BD}
	EndGlobalSection
	GlobalSection(CodealikeProperties) = postSolution
		SolutionGuid = 2bf66b53-ea6f-433b-b455-00e70ee33cd0
	EndGlobalSection
	GlobalSection(AutomaticVersions) = postSolution
		UpdateAssemblyVersion.Release|Any CPU = True
		UpdateAssemblyFileVersion.Release|Any CPU = True
		UpdateAssemblyInfoVersion.Release|Any CPU = True
		AssemblyVersionSettings.Release|Any CPU = None.YearStamp.MonthStamp.DayStamp
		AssemblyFileVersionSettings.Release|Any CPU = None.YearStamp.MonthStamp.DayStamp
		AssemblyInfoVersionSettings.Release|Any CPU = None.YearStamp.MonthStamp.DayStamp
	EndGlobalSection
EndGlobal
