
Microsoft Visual Studio Solution File, Format Version 12.00
# Visual Studio 15
VisualStudioVersion = 15.0.27703.2026
MinimumVisualStudioVersion = 10.0.40219.1
Project("{FAE04EC0-301F-11D3-BF4B-00C04F79EFBC}") = "AButenko.PersonalViewsDashboardsTransferTool", "AButenko.PersonalViewsDashboardsTransferTool\AButenko.PersonalViewsDashboardsTransferTool.csproj", "{DCD36CE2-F839-4C49-B765-4FD2B00F134D}"
EndProject
Global
	GlobalSection(SolutionConfigurationPlatforms) = preSolution
		Debug|Any CPU = Debug|Any CPU
		Release|Any CPU = Release|Any CPU
	EndGlobalSection
	GlobalSection(ProjectConfigurationPlatforms) = postSolution
		{DCD36CE2-F839-4C49-B765-4FD2B00F134D}.Debug|Any CPU.ActiveCfg = Debug|Any CPU
		{DCD36CE2-F839-4C49-B765-4FD2B00F134D}.Debug|Any CPU.Build.0 = Debug|Any CPU
		{DCD36CE2-F839-4C49-B765-4FD2B00F134D}.Release|Any CPU.ActiveCfg = Release|Any CPU
		{DCD36CE2-F839-4C49-B765-4FD2B00F134D}.Release|Any CPU.Build.0 = Release|Any CPU
	EndGlobalSection
	GlobalSection(SolutionProperties) = preSolution
		HideSolutionNode = FALSE
	EndGlobalSection
	GlobalSection(ExtensibilityGlobals) = postSolution
		SolutionGuid = {6F450A78-921E-4915-A714-4DE3665B3C57}
	EndGlobalSection
EndGlobal
